// !$*UTF8*$!
{
	archiveVersion = 1;
	classes = {
	};
	objectVersion = 46;
	objects = {

/* Begin PBXBuildFile section */
		6E1C40581DDC785E00A8DFA6 /* main.m in Sources */ = {isa = PBXBuildFile; fileRef = 6E1C40571DDC785E00A8DFA6 /* main.m */; };
		6E1C405B1DDC785E00A8DFA6 /* AppDelegate.m in Sources */ = {isa = PBXBuildFile; fileRef = 6E1C405A1DDC785E00A8DFA6 /* AppDelegate.m */; };
		6E1C405E1DDC785E00A8DFA6 /* ViewController.m in Sources */ = {isa = PBXBuildFile; fileRef = 6E1C405D1DDC785E00A8DFA6 /* ViewController.m */; };
		6E1C40611DDC785E00A8DFA6 /* Main.storyboard in Resources */ = {isa = PBXBuildFile; fileRef = 6E1C405F1DDC785E00A8DFA6 /* Main.storyboard */; };
		6E1C40631DDC785E00A8DFA6 /* Assets.xcassets in Resources */ = {isa = PBXBuildFile; fileRef = 6E1C40621DDC785E00A8DFA6 /* Assets.xcassets */; };
		6E1C40661DDC785E00A8DFA6 /* LaunchScreen.storyboard in Resources */ = {isa = PBXBuildFile; fileRef = 6E1C40641DDC785E00A8DFA6 /* LaunchScreen.storyboard */; };
		6E1C40711DDC785F00A8DFA6 /* Mass6loobTests.m in Sources */ = {isa = PBXBuildFile; fileRef = 6E1C40701DDC785F00A8DFA6 /* Mass6loobTests.m */; };
		6E1C407C1DDC785F00A8DFA6 /* Mass6loobUITests.m in Sources */ = {isa = PBXBuildFile; fileRef = 6E1C407B1DDC785F00A8DFA6 /* Mass6loobUITests.m */; };
		6E1C408D1DDC79AC00A8DFA6 /* iCarousel.m in Sources */ = {isa = PBXBuildFile; fileRef = 6E1C408C1DDC79AC00A8DFA6 /* iCarousel.m */; };
		6E1C40901DDC79DA00A8DFA6 /* MainViewController.m in Sources */ = {isa = PBXBuildFile; fileRef = 6E1C408F1DDC79DA00A8DFA6 /* MainViewController.m */; };
		6E1C40931DDC7A7200A8DFA6 /* page.png in Resources */ = {isa = PBXBuildFile; fileRef = 6E1C40921DDC7A7200A8DFA6 /* page.png */; };
		6E1C40C61DDC7C5300A8DFA6 /* app_bg_blue.png in Resources */ = {isa = PBXBuildFile; fileRef = 6E1C40951DDC7C5300A8DFA6 /* app_bg_blue.png */; };
		6E1C40C71DDC7C5300A8DFA6 /* blue_setings.png in Resources */ = {isa = PBXBuildFile; fileRef = 6E1C40961DDC7C5300A8DFA6 /* blue_setings.png */; };
		6E1C40C81DDC7C5300A8DFA6 /* buy_now_bg.png in Resources */ = {isa = PBXBuildFile; fileRef = 6E1C40971DDC7C5300A8DFA6 /* buy_now_bg.png */; };
		6E1C40C91DDC7C5300A8DFA6 /* check_icon.png in Resources */ = {isa = PBXBuildFile; fileRef = 6E1C40981DDC7C5300A8DFA6 /* check_icon.png */; };
		6E1C40CA1DDC7C5300A8DFA6 /* close.png in Resources */ = {isa = PBXBuildFile; fileRef = 6E1C40991DDC7C5300A8DFA6 /* close.png */; };
		6E1C40CB1DDC7C5300A8DFA6 /* company_image.png in Resources */ = {isa = PBXBuildFile; fileRef = 6E1C409A1DDC7C5300A8DFA6 /* company_image.png */; };
		6E1C40CC1DDC7C5300A8DFA6 /* cross_bg.9.png in Resources */ = {isa = PBXBuildFile; fileRef = 6E1C409B1DDC7C5300A8DFA6 /* cross_bg.9.png */; };
		6E1C40CD1DDC7C5300A8DFA6 /* cross_bg_full.png in Resources */ = {isa = PBXBuildFile; fileRef = 6E1C409C1DDC7C5300A8DFA6 /* cross_bg_full.png */; };
		6E1C40CE1DDC7C5300A8DFA6 /* cross_small_bg.9.png in Resources */ = {isa = PBXBuildFile; fileRef = 6E1C409D1DDC7C5300A8DFA6 /* cross_small_bg.9.png */; };
		6E1C40CF1DDC7C5300A8DFA6 /* find_freelancers.png in Resources */ = {isa = PBXBuildFile; fileRef = 6E1C409E1DDC7C5300A8DFA6 /* find_freelancers.png */; };
		6E1C40D01DDC7C5300A8DFA6 /* find_jobs.png in Resources */ = {isa = PBXBuildFile; fileRef = 6E1C409F1DDC7C5300A8DFA6 /* find_jobs.png */; };
		6E1C40D11DDC7C5300A8DFA6 /* find_volunteers.png in Resources */ = {isa = PBXBuildFile; fileRef = 6E1C40A01DDC7C5300A8DFA6 /* find_volunteers.png */; };
		6E1C40D21DDC7C5300A8DFA6 /* home_settings.png in Resources */ = {isa = PBXBuildFile; fileRef = 6E1C40A11DDC7C5300A8DFA6 /* home_settings.png */; };
		6E1C40D31DDC7C5300A8DFA6 /* ic_about.png in Resources */ = {isa = PBXBuildFile; fileRef = 6E1C40A21DDC7C5300A8DFA6 /* ic_about.png */; };
		6E1C40D41DDC7C5300A8DFA6 /* ic_age.png in Resources */ = {isa = PBXBuildFile; fileRef = 6E1C40A31DDC7C5300A8DFA6 /* ic_age.png */; };
		6E1C40D51DDC7C5300A8DFA6 /* ic_arrow.png in Resources */ = {isa = PBXBuildFile; fileRef = 6E1C40A41DDC7C5300A8DFA6 /* ic_arrow.png */; };
		6E1C40D61DDC7C5300A8DFA6 /* ic_checkbox.png in Resources */ = {isa = PBXBuildFile; fileRef = 6E1C40A51DDC7C5300A8DFA6 /* ic_checkbox.png */; };
		6E1C40D71DDC7C5300A8DFA6 /* ic_company.png in Resources */ = {isa = PBXBuildFile; fileRef = 6E1C40A61DDC7C5300A8DFA6 /* ic_company.png */; };
		6E1C40D81DDC7C5300A8DFA6 /* ic_country.png in Resources */ = {isa = PBXBuildFile; fileRef = 6E1C40A71DDC7C5300A8DFA6 /* ic_country.png */; };
		6E1C40D91DDC7C5300A8DFA6 /* ic_education.png in Resources */ = {isa = PBXBuildFile; fileRef = 6E1C40A81DDC7C5300A8DFA6 /* ic_education.png */; };
		6E1C40DA1DDC7C5300A8DFA6 /* ic_email.png in Resources */ = {isa = PBXBuildFile; fileRef = 6E1C40A91DDC7C5300A8DFA6 /* ic_email.png */; };
		6E1C40DB1DDC7C5300A8DFA6 /* ic_english.png in Resources */ = {isa = PBXBuildFile; fileRef = 6E1C40AA1DDC7C5300A8DFA6 /* ic_english.png */; };
		6E1C40DC1DDC7C5300A8DFA6 /* ic_established.png in Resources */ = {isa = PBXBuildFile; fileRef = 6E1C40AB1DDC7C5300A8DFA6 /* ic_established.png */; };
		6E1C40DD1DDC7C5300A8DFA6 /* ic_experience.png in Resources */ = {isa = PBXBuildFile; fileRef = 6E1C40AC1DDC7C5300A8DFA6 /* ic_experience.png */; };
		6E1C40DE1DDC7C5300A8DFA6 /* ic_fields.png in Resources */ = {isa = PBXBuildFile; fileRef = 6E1C40AD1DDC7C5300A8DFA6 /* ic_fields.png */; };
		6E1C40DF1DDC7C5300A8DFA6 /* ic_gender.png in Resources */ = {isa = PBXBuildFile; fileRef = 6E1C40AE1DDC7C5300A8DFA6 /* ic_gender.png */; };
		6E1C40E01DDC7C5300A8DFA6 /* ic_jobtitle.png in Resources */ = {isa = PBXBuildFile; fileRef = 6E1C40AF1DDC7C5300A8DFA6 /* ic_jobtitle.png */; };
		6E1C40E11DDC7C5300A8DFA6 /* ic_left.png in Resources */ = {isa = PBXBuildFile; fileRef = 6E1C40B01DDC7C5300A8DFA6 /* ic_left.png */; };
		6E1C40E21DDC7C5300A8DFA6 /* ic_location.png in Resources */ = {isa = PBXBuildFile; fileRef = 6E1C40B11DDC7C5300A8DFA6 /* ic_location.png */; };
		6E1C40E31DDC7C5300A8DFA6 /* ic_location_emp.png in Resources */ = {isa = PBXBuildFile; fileRef = 6E1C40B21DDC7C5300A8DFA6 /* ic_location_emp.png */; };
		6E1C40E41DDC7C5300A8DFA6 /* ic_nationality.png in Resources */ = {isa = PBXBuildFile; fileRef = 6E1C40B31DDC7C5300A8DFA6 /* ic_nationality.png */; };
		6E1C40E51DDC7C5300A8DFA6 /* ic_others.png in Resources */ = {isa = PBXBuildFile; fileRef = 6E1C40B41DDC7C5300A8DFA6 /* ic_others.png */; };
		6E1C40E61DDC7C5300A8DFA6 /* ic_password.png in Resources */ = {isa = PBXBuildFile; fileRef = 6E1C40B51DDC7C5300A8DFA6 /* ic_password.png */; };
		6E1C40E71DDC7C5300A8DFA6 /* ic_phone_number.png in Resources */ = {isa = PBXBuildFile; fileRef = 6E1C40B61DDC7C5300A8DFA6 /* ic_phone_number.png */; };
		6E1C40E81DDC7C5300A8DFA6 /* ic_right.png in Resources */ = {isa = PBXBuildFile; fileRef = 6E1C40B71DDC7C5300A8DFA6 /* ic_right.png */; };
		6E1C40E91DDC7C5300A8DFA6 /* ic_upload.png in Resources */ = {isa = PBXBuildFile; fileRef = 6E1C40B81DDC7C5300A8DFA6 /* ic_upload.png */; };
		6E1C40EA1DDC7C5300A8DFA6 /* ic_upload_image.png in Resources */ = {isa = PBXBuildFile; fileRef = 6E1C40B91DDC7C5300A8DFA6 /* ic_upload_image.png */; };
		6E1C40EB1DDC7C5300A8DFA6 /* ic_user.png in Resources */ = {isa = PBXBuildFile; fileRef = 6E1C40BA1DDC7C5300A8DFA6 /* ic_user.png */; };
		6E1C40EC1DDC7C5300A8DFA6 /* image1.png in Resources */ = {isa = PBXBuildFile; fileRef = 6E1C40BB1DDC7C5300A8DFA6 /* image1.png */; };
		6E1C40ED1DDC7C5300A8DFA6 /* image_rounded_corners_border.png in Resources */ = {isa = PBXBuildFile; fileRef = 6E1C40BC1DDC7C5300A8DFA6 /* image_rounded_corners_border.png */; };
		6E1C40EE1DDC7C5300A8DFA6 /* package_bg.png in Resources */ = {isa = PBXBuildFile; fileRef = 6E1C40BD1DDC7C5300A8DFA6 /* package_bg.png */; };
		6E1C40EF1DDC7C5300A8DFA6 /* package_bottom_bg.png in Resources */ = {isa = PBXBuildFile; fileRef = 6E1C40BE1DDC7C5300A8DFA6 /* package_bottom_bg.png */; };
		6E1C40F01DDC7C5300A8DFA6 /* package_bottom_left.png in Resources */ = {isa = PBXBuildFile; fileRef = 6E1C40BF1DDC7C5300A8DFA6 /* package_bottom_left.png */; };
		6E1C40F11DDC7C5300A8DFA6 /* package_bottom_right.png in Resources */ = {isa = PBXBuildFile; fileRef = 6E1C40C01DDC7C5300A8DFA6 /* package_bottom_right.png */; };
		6E1C40F21DDC7C5300A8DFA6 /* package_top_bg.png in Resources */ = {isa = PBXBuildFile; fileRef = 6E1C40C11DDC7C5300A8DFA6 /* package_top_bg.png */; };
		6E1C40F31DDC7C5300A8DFA6 /* phone_number.png in Resources */ = {isa = PBXBuildFile; fileRef = 6E1C40C21DDC7C5300A8DFA6 /* phone_number.png */; };
		6E1C40F41DDC7C5300A8DFA6 /* shadow_drop.png in Resources */ = {isa = PBXBuildFile; fileRef = 6E1C40C31DDC7C5300A8DFA6 /* shadow_drop.png */; };
		6E1C40F51DDC7C5300A8DFA6 /* signinimage.png in Resources */ = {isa = PBXBuildFile; fileRef = 6E1C40C41DDC7C5300A8DFA6 /* signinimage.png */; };
		6E1C40F61DDC7C5300A8DFA6 /* tick_icon.png in Resources */ = {isa = PBXBuildFile; fileRef = 6E1C40C51DDC7C5300A8DFA6 /* tick_icon.png */; };
		6E1C40F91DDD842500A8DFA6 /* RecruitViewController.m in Sources */ = {isa = PBXBuildFile; fileRef = 6E1C40F81DDD842500A8DFA6 /* RecruitViewController.m */; };
		6E1C40FC1DDD8D6A00A8DFA6 /* BaseViewController.m in Sources */ = {isa = PBXBuildFile; fileRef = 6E1C40FB1DDD8D6A00A8DFA6 /* BaseViewController.m */; };
		6E1C410F1DDD8DEB00A8DFA6 /* AppTableViewCell.m in Sources */ = {isa = PBXBuildFile; fileRef = 6E1C40FF1DDD8DEB00A8DFA6 /* AppTableViewCell.m */; };
		6E1C41101DDD8DEB00A8DFA6 /* MenuInfo.m in Sources */ = {isa = PBXBuildFile; fileRef = 6E1C41021DDD8DEB00A8DFA6 /* MenuInfo.m */; };
		6E1C41111DDD8DEB00A8DFA6 /* NSData+Base64.m in Sources */ = {isa = PBXBuildFile; fileRef = 6E1C41041DDD8DEB00A8DFA6 /* NSData+Base64.m */; };
		6E1C41121DDD8DEB00A8DFA6 /* LICENCE.txt in Resources */ = {isa = PBXBuildFile; fileRef = 6E1C41071DDD8DEB00A8DFA6 /* LICENCE.txt */; };
		6E1C41131DDD8DEB00A8DFA6 /* Reachability.m in Sources */ = {isa = PBXBuildFile; fileRef = 6E1C41091DDD8DEB00A8DFA6 /* Reachability.m */; };
		6E1C41141DDD8DEB00A8DFA6 /* README.md in Sources */ = {isa = PBXBuildFile; fileRef = 6E1C410A1DDD8DEB00A8DFA6 /* README.md */; };
		6E1C41151DDD8DEB00A8DFA6 /* ResizeLabel.m in Sources */ = {isa = PBXBuildFile; fileRef = 6E1C410C1DDD8DEB00A8DFA6 /* ResizeLabel.m */; };
		6E1C41161DDD8DEB00A8DFA6 /* Utils.m in Sources */ = {isa = PBXBuildFile; fileRef = 6E1C410E1DDD8DEB00A8DFA6 /* Utils.m */; };
		6E1C413D1DDD8E2700A8DFA6 /* AFHTTPSessionManager.m in Sources */ = {isa = PBXBuildFile; fileRef = 6E1C411A1DDD8E2700A8DFA6 /* AFHTTPSessionManager.m */; };
		6E1C413E1DDD8E2700A8DFA6 /* AFNetworkReachabilityManager.m in Sources */ = {isa = PBXBuildFile; fileRef = 6E1C411D1DDD8E2700A8DFA6 /* AFNetworkReachabilityManager.m */; };
		6E1C413F1DDD8E2700A8DFA6 /* AFSecurityPolicy.m in Sources */ = {isa = PBXBuildFile; fileRef = 6E1C411F1DDD8E2700A8DFA6 /* AFSecurityPolicy.m */; };
		6E1C41401DDD8E2700A8DFA6 /* AFURLRequestSerialization.m in Sources */ = {isa = PBXBuildFile; fileRef = 6E1C41211DDD8E2700A8DFA6 /* AFURLRequestSerialization.m */; };
		6E1C41411DDD8E2700A8DFA6 /* AFURLResponseSerialization.m in Sources */ = {isa = PBXBuildFile; fileRef = 6E1C41231DDD8E2700A8DFA6 /* AFURLResponseSerialization.m */; };
		6E1C41421DDD8E2700A8DFA6 /* AFURLSessionManager.m in Sources */ = {isa = PBXBuildFile; fileRef = 6E1C41251DDD8E2700A8DFA6 /* AFURLSessionManager.m */; };
		6E1C41431DDD8E2700A8DFA6 /* LICENSE in Resources */ = {isa = PBXBuildFile; fileRef = 6E1C41261DDD8E2700A8DFA6 /* LICENSE */; };
		6E1C41441DDD8E2700A8DFA6 /* README.md in Sources */ = {isa = PBXBuildFile; fileRef = 6E1C41271DDD8E2700A8DFA6 /* README.md */; };
		6E1C41451DDD8E2700A8DFA6 /* AFAutoPurgingImageCache.m in Sources */ = {isa = PBXBuildFile; fileRef = 6E1C412A1DDD8E2700A8DFA6 /* AFAutoPurgingImageCache.m */; };
		6E1C41461DDD8E2700A8DFA6 /* AFImageDownloader.m in Sources */ = {isa = PBXBuildFile; fileRef = 6E1C412C1DDD8E2700A8DFA6 /* AFImageDownloader.m */; };
		6E1C41471DDD8E2700A8DFA6 /* AFNetworkActivityIndicatorManager.m in Sources */ = {isa = PBXBuildFile; fileRef = 6E1C412E1DDD8E2700A8DFA6 /* AFNetworkActivityIndicatorManager.m */; };
		6E1C41481DDD8E2700A8DFA6 /* UIActivityIndicatorView+AFNetworking.m in Sources */ = {isa = PBXBuildFile; fileRef = 6E1C41301DDD8E2700A8DFA6 /* UIActivityIndicatorView+AFNetworking.m */; };
		6E1C41491DDD8E2700A8DFA6 /* UIButton+AFNetworking.m in Sources */ = {isa = PBXBuildFile; fileRef = 6E1C41321DDD8E2700A8DFA6 /* UIButton+AFNetworking.m */; };
		6E1C414A1DDD8E2700A8DFA6 /* UIImageView+AFNetworking.m in Sources */ = {isa = PBXBuildFile; fileRef = 6E1C41351DDD8E2700A8DFA6 /* UIImageView+AFNetworking.m */; };
		6E1C414B1DDD8E2700A8DFA6 /* UIProgressView+AFNetworking.m in Sources */ = {isa = PBXBuildFile; fileRef = 6E1C41381DDD8E2700A8DFA6 /* UIProgressView+AFNetworking.m */; };
		6E1C414C1DDD8E2700A8DFA6 /* UIRefreshControl+AFNetworking.m in Sources */ = {isa = PBXBuildFile; fileRef = 6E1C413A1DDD8E2700A8DFA6 /* UIRefreshControl+AFNetworking.m */; };
		6E1C414D1DDD8E2700A8DFA6 /* UIWebView+AFNetworking.m in Sources */ = {isa = PBXBuildFile; fileRef = 6E1C413C1DDD8E2700A8DFA6 /* UIWebView+AFNetworking.m */; };
		6E1C415B1DDD8E4100A8DFA6 /* MCLocalization.m in Sources */ = {isa = PBXBuildFile; fileRef = 6E1C41511DDD8E4100A8DFA6 /* MCLocalization.m */; };
		6E1C415C1DDD8E4100A8DFA6 /* MCLocalizationDummyDataSource.m in Sources */ = {isa = PBXBuildFile; fileRef = 6E1C41541DDD8E4100A8DFA6 /* MCLocalizationDummyDataSource.m */; };
		6E1C415D1DDD8E4100A8DFA6 /* MCLocalizationOneJSONFilePerLanguageDataSource.m in Sources */ = {isa = PBXBuildFile; fileRef = 6E1C41561DDD8E4100A8DFA6 /* MCLocalizationOneJSONFilePerLanguageDataSource.m */; };
		6E1C415E1DDD8E4100A8DFA6 /* MCLocalizationSingleJSONFileDataSource.m in Sources */ = {isa = PBXBuildFile; fileRef = 6E1C41581DDD8E4100A8DFA6 /* MCLocalizationSingleJSONFileDataSource.m */; };
		6E1C415F1DDD8E4100A8DFA6 /* LICENSE in Resources */ = {isa = PBXBuildFile; fileRef = 6E1C41591DDD8E4100A8DFA6 /* LICENSE */; };
		6E1C41601DDD8E4100A8DFA6 /* README.md in Sources */ = {isa = PBXBuildFile; fileRef = 6E1C415A1DDD8E4100A8DFA6 /* README.md */; };
		6E1C416E1DDD8EA000A8DFA6 /* LICENSE.txt in Resources */ = {isa = PBXBuildFile; fileRef = 6E1C41621DDD8EA000A8DFA6 /* LICENSE.txt */; };
		6E1C416F1DDD8EA000A8DFA6 /* README.md in Sources */ = {isa = PBXBuildFile; fileRef = 6E1C41631DDD8EA000A8DFA6 /* README.md */; };
		6E1C41701DDD8EA000A8DFA6 /* SVIndefiniteAnimatedView.m in Sources */ = {isa = PBXBuildFile; fileRef = 6E1C41661DDD8EA000A8DFA6 /* SVIndefiniteAnimatedView.m */; };
		6E1C41711DDD8EA000A8DFA6 /* SVProgressAnimatedView.m in Sources */ = {isa = PBXBuildFile; fileRef = 6E1C41681DDD8EA000A8DFA6 /* SVProgressAnimatedView.m */; };
		6E1C41721DDD8EA000A8DFA6 /* SVProgressHUD.bundle in Resources */ = {isa = PBXBuildFile; fileRef = 6E1C41691DDD8EA000A8DFA6 /* SVProgressHUD.bundle */; };
		6E1C41731DDD8EA000A8DFA6 /* SVProgressHUD.m in Sources */ = {isa = PBXBuildFile; fileRef = 6E1C416B1DDD8EA000A8DFA6 /* SVProgressHUD.m */; };
		6E1C41741DDD8EA000A8DFA6 /* SVRadialGradientLayer.m in Sources */ = {isa = PBXBuildFile; fileRef = 6E1C416D1DDD8EA000A8DFA6 /* SVRadialGradientLayer.m */; };
		6E1C41771DDD973100A8DFA6 /* PostYourCVViewController.m in Sources */ = {isa = PBXBuildFile; fileRef = 6E1C41761DDD973100A8DFA6 /* PostYourCVViewController.m */; };
		6E1C417A1DDDA97800A8DFA6 /* LoginViewController.m in Sources */ = {isa = PBXBuildFile; fileRef = 6E1C41791DDDA97800A8DFA6 /* LoginViewController.m */; };
		6E1C417D1DDDAA1F00A8DFA6 /* RegisterViewController.m in Sources */ = {isa = PBXBuildFile; fileRef = 6E1C417C1DDDAA1F00A8DFA6 /* RegisterViewController.m */; };
/* End PBXBuildFile section */

/* Begin PBXContainerItemProxy section */
		6E1C406D1DDC785F00A8DFA6 /* PBXContainerItemProxy */ = {
			isa = PBXContainerItemProxy;
			containerPortal = 6E1C404B1DDC785E00A8DFA6 /* Project object */;
			proxyType = 1;
			remoteGlobalIDString = 6E1C40521DDC785E00A8DFA6;
			remoteInfo = Mass6loob;
		};
		6E1C40781DDC785F00A8DFA6 /* PBXContainerItemProxy */ = {
			isa = PBXContainerItemProxy;
			containerPortal = 6E1C404B1DDC785E00A8DFA6 /* Project object */;
			proxyType = 1;
			remoteGlobalIDString = 6E1C40521DDC785E00A8DFA6;
			remoteInfo = Mass6loob;
		};
/* End PBXContainerItemProxy section */

/* Begin PBXFileReference section */
		6E1C40531DDC785E00A8DFA6 /* Mass6loob.app */ = {isa = PBXFileReference; explicitFileType = wrapper.application; includeInIndex = 0; path = Mass6loob.app; sourceTree = BUILT_PRODUCTS_DIR; };
		6E1C40571DDC785E00A8DFA6 /* main.m */ = {isa = PBXFileReference; lastKnownFileType = sourcecode.c.objc; path = main.m; sourceTree = "<group>"; };
		6E1C40591DDC785E00A8DFA6 /* AppDelegate.h */ = {isa = PBXFileReference; lastKnownFileType = sourcecode.c.h; path = AppDelegate.h; sourceTree = "<group>"; };
		6E1C405A1DDC785E00A8DFA6 /* AppDelegate.m */ = {isa = PBXFileReference; lastKnownFileType = sourcecode.c.objc; path = AppDelegate.m; sourceTree = "<group>"; };
		6E1C405C1DDC785E00A8DFA6 /* ViewController.h */ = {isa = PBXFileReference; lastKnownFileType = sourcecode.c.h; path = ViewController.h; sourceTree = "<group>"; };
		6E1C405D1DDC785E00A8DFA6 /* ViewController.m */ = {isa = PBXFileReference; lastKnownFileType = sourcecode.c.objc; path = ViewController.m; sourceTree = "<group>"; };
		6E1C40601DDC785E00A8DFA6 /* Base */ = {isa = PBXFileReference; lastKnownFileType = file.storyboard; name = Base; path = Base.lproj/Main.storyboard; sourceTree = "<group>"; };
		6E1C40621DDC785E00A8DFA6 /* Assets.xcassets */ = {isa = PBXFileReference; lastKnownFileType = folder.assetcatalog; path = Assets.xcassets; sourceTree = "<group>"; };
		6E1C40651DDC785E00A8DFA6 /* Base */ = {isa = PBXFileReference; lastKnownFileType = file.storyboard; name = Base; path = Base.lproj/LaunchScreen.storyboard; sourceTree = "<group>"; };
		6E1C40671DDC785E00A8DFA6 /* Info.plist */ = {isa = PBXFileReference; lastKnownFileType = text.plist.xml; path = Info.plist; sourceTree = "<group>"; };
		6E1C406C1DDC785F00A8DFA6 /* Mass6loobTests.xctest */ = {isa = PBXFileReference; explicitFileType = wrapper.cfbundle; includeInIndex = 0; path = Mass6loobTests.xctest; sourceTree = BUILT_PRODUCTS_DIR; };
		6E1C40701DDC785F00A8DFA6 /* Mass6loobTests.m */ = {isa = PBXFileReference; lastKnownFileType = sourcecode.c.objc; path = Mass6loobTests.m; sourceTree = "<group>"; };
		6E1C40721DDC785F00A8DFA6 /* Info.plist */ = {isa = PBXFileReference; lastKnownFileType = text.plist.xml; path = Info.plist; sourceTree = "<group>"; };
		6E1C40771DDC785F00A8DFA6 /* Mass6loobUITests.xctest */ = {isa = PBXFileReference; explicitFileType = wrapper.cfbundle; includeInIndex = 0; path = Mass6loobUITests.xctest; sourceTree = BUILT_PRODUCTS_DIR; };
		6E1C407B1DDC785F00A8DFA6 /* Mass6loobUITests.m */ = {isa = PBXFileReference; lastKnownFileType = sourcecode.c.objc; path = Mass6loobUITests.m; sourceTree = "<group>"; };
		6E1C407D1DDC785F00A8DFA6 /* Info.plist */ = {isa = PBXFileReference; lastKnownFileType = text.plist.xml; path = Info.plist; sourceTree = "<group>"; };
		6E1C408B1DDC79AC00A8DFA6 /* iCarousel.h */ = {isa = PBXFileReference; fileEncoding = 4; lastKnownFileType = sourcecode.c.h; path = iCarousel.h; sourceTree = "<group>"; };
		6E1C408C1DDC79AC00A8DFA6 /* iCarousel.m */ = {isa = PBXFileReference; fileEncoding = 4; lastKnownFileType = sourcecode.c.objc; path = iCarousel.m; sourceTree = "<group>"; };
		6E1C408E1DDC79DA00A8DFA6 /* MainViewController.h */ = {isa = PBXFileReference; fileEncoding = 4; lastKnownFileType = sourcecode.c.h; path = MainViewController.h; sourceTree = "<group>"; };
		6E1C408F1DDC79DA00A8DFA6 /* MainViewController.m */ = {isa = PBXFileReference; fileEncoding = 4; lastKnownFileType = sourcecode.c.objc; path = MainViewController.m; sourceTree = "<group>"; };
		6E1C40921DDC7A7200A8DFA6 /* page.png */ = {isa = PBXFileReference; lastKnownFileType = image.png; path = page.png; sourceTree = "<group>"; };
		6E1C40951DDC7C5300A8DFA6 /* app_bg_blue.png */ = {isa = PBXFileReference; lastKnownFileType = image.png; path = app_bg_blue.png; sourceTree = "<group>"; };
		6E1C40961DDC7C5300A8DFA6 /* blue_setings.png */ = {isa = PBXFileReference; lastKnownFileType = image.png; path = blue_setings.png; sourceTree = "<group>"; };
		6E1C40971DDC7C5300A8DFA6 /* buy_now_bg.png */ = {isa = PBXFileReference; lastKnownFileType = image.png; path = buy_now_bg.png; sourceTree = "<group>"; };
		6E1C40981DDC7C5300A8DFA6 /* check_icon.png */ = {isa = PBXFileReference; lastKnownFileType = image.png; path = check_icon.png; sourceTree = "<group>"; };
		6E1C40991DDC7C5300A8DFA6 /* close.png */ = {isa = PBXFileReference; lastKnownFileType = image.png; path = close.png; sourceTree = "<group>"; };
		6E1C409A1DDC7C5300A8DFA6 /* company_image.png */ = {isa = PBXFileReference; lastKnownFileType = image.png; path = company_image.png; sourceTree = "<group>"; };
		6E1C409B1DDC7C5300A8DFA6 /* cross_bg.9.png */ = {isa = PBXFileReference; lastKnownFileType = image.png; path = cross_bg.9.png; sourceTree = "<group>"; };
		6E1C409C1DDC7C5300A8DFA6 /* cross_bg_full.png */ = {isa = PBXFileReference; lastKnownFileType = image.png; path = cross_bg_full.png; sourceTree = "<group>"; };
		6E1C409D1DDC7C5300A8DFA6 /* cross_small_bg.9.png */ = {isa = PBXFileReference; lastKnownFileType = image.png; path = cross_small_bg.9.png; sourceTree = "<group>"; };
		6E1C409E1DDC7C5300A8DFA6 /* find_freelancers.png */ = {isa = PBXFileReference; lastKnownFileType = image.png; path = find_freelancers.png; sourceTree = "<group>"; };
		6E1C409F1DDC7C5300A8DFA6 /* find_jobs.png */ = {isa = PBXFileReference; lastKnownFileType = image.png; path = find_jobs.png; sourceTree = "<group>"; };
		6E1C40A01DDC7C5300A8DFA6 /* find_volunteers.png */ = {isa = PBXFileReference; lastKnownFileType = image.png; path = find_volunteers.png; sourceTree = "<group>"; };
		6E1C40A11DDC7C5300A8DFA6 /* home_settings.png */ = {isa = PBXFileReference; lastKnownFileType = image.png; path = home_settings.png; sourceTree = "<group>"; };
		6E1C40A21DDC7C5300A8DFA6 /* ic_about.png */ = {isa = PBXFileReference; lastKnownFileType = image.png; path = ic_about.png; sourceTree = "<group>"; };
		6E1C40A31DDC7C5300A8DFA6 /* ic_age.png */ = {isa = PBXFileReference; lastKnownFileType = image.png; path = ic_age.png; sourceTree = "<group>"; };
		6E1C40A41DDC7C5300A8DFA6 /* ic_arrow.png */ = {isa = PBXFileReference; lastKnownFileType = image.png; path = ic_arrow.png; sourceTree = "<group>"; };
		6E1C40A51DDC7C5300A8DFA6 /* ic_checkbox.png */ = {isa = PBXFileReference; lastKnownFileType = image.png; path = ic_checkbox.png; sourceTree = "<group>"; };
		6E1C40A61DDC7C5300A8DFA6 /* ic_company.png */ = {isa = PBXFileReference; lastKnownFileType = image.png; path = ic_company.png; sourceTree = "<group>"; };
		6E1C40A71DDC7C5300A8DFA6 /* ic_country.png */ = {isa = PBXFileReference; lastKnownFileType = image.png; path = ic_country.png; sourceTree = "<group>"; };
		6E1C40A81DDC7C5300A8DFA6 /* ic_education.png */ = {isa = PBXFileReference; lastKnownFileType = image.png; path = ic_education.png; sourceTree = "<group>"; };
		6E1C40A91DDC7C5300A8DFA6 /* ic_email.png */ = {isa = PBXFileReference; lastKnownFileType = image.png; path = ic_email.png; sourceTree = "<group>"; };
		6E1C40AA1DDC7C5300A8DFA6 /* ic_english.png */ = {isa = PBXFileReference; lastKnownFileType = image.png; path = ic_english.png; sourceTree = "<group>"; };
		6E1C40AB1DDC7C5300A8DFA6 /* ic_established.png */ = {isa = PBXFileReference; lastKnownFileType = image.png; path = ic_established.png; sourceTree = "<group>"; };
		6E1C40AC1DDC7C5300A8DFA6 /* ic_experience.png */ = {isa = PBXFileReference; lastKnownFileType = image.png; path = ic_experience.png; sourceTree = "<group>"; };
		6E1C40AD1DDC7C5300A8DFA6 /* ic_fields.png */ = {isa = PBXFileReference; lastKnownFileType = image.png; path = ic_fields.png; sourceTree = "<group>"; };
		6E1C40AE1DDC7C5300A8DFA6 /* ic_gender.png */ = {isa = PBXFileReference; lastKnownFileType = image.png; path = ic_gender.png; sourceTree = "<group>"; };
		6E1C40AF1DDC7C5300A8DFA6 /* ic_jobtitle.png */ = {isa = PBXFileReference; lastKnownFileType = image.png; path = ic_jobtitle.png; sourceTree = "<group>"; };
		6E1C40B01DDC7C5300A8DFA6 /* ic_left.png */ = {isa = PBXFileReference; lastKnownFileType = image.png; path = ic_left.png; sourceTree = "<group>"; };
		6E1C40B11DDC7C5300A8DFA6 /* ic_location.png */ = {isa = PBXFileReference; lastKnownFileType = image.png; path = ic_location.png; sourceTree = "<group>"; };
		6E1C40B21DDC7C5300A8DFA6 /* ic_location_emp.png */ = {isa = PBXFileReference; lastKnownFileType = image.png; path = ic_location_emp.png; sourceTree = "<group>"; };
		6E1C40B31DDC7C5300A8DFA6 /* ic_nationality.png */ = {isa = PBXFileReference; lastKnownFileType = image.png; path = ic_nationality.png; sourceTree = "<group>"; };
		6E1C40B41DDC7C5300A8DFA6 /* ic_others.png */ = {isa = PBXFileReference; lastKnownFileType = image.png; path = ic_others.png; sourceTree = "<group>"; };
		6E1C40B51DDC7C5300A8DFA6 /* ic_password.png */ = {isa = PBXFileReference; lastKnownFileType = image.png; path = ic_password.png; sourceTree = "<group>"; };
		6E1C40B61DDC7C5300A8DFA6 /* ic_phone_number.png */ = {isa = PBXFileReference; lastKnownFileType = image.png; path = ic_phone_number.png; sourceTree = "<group>"; };
		6E1C40B71DDC7C5300A8DFA6 /* ic_right.png */ = {isa = PBXFileReference; lastKnownFileType = image.png; path = ic_right.png; sourceTree = "<group>"; };
		6E1C40B81DDC7C5300A8DFA6 /* ic_upload.png */ = {isa = PBXFileReference; lastKnownFileType = image.png; path = ic_upload.png; sourceTree = "<group>"; };
		6E1C40B91DDC7C5300A8DFA6 /* ic_upload_image.png */ = {isa = PBXFileReference; lastKnownFileType = image.png; path = ic_upload_image.png; sourceTree = "<group>"; };
		6E1C40BA1DDC7C5300A8DFA6 /* ic_user.png */ = {isa = PBXFileReference; lastKnownFileType = image.png; path = ic_user.png; sourceTree = "<group>"; };
		6E1C40BB1DDC7C5300A8DFA6 /* image1.png */ = {isa = PBXFileReference; lastKnownFileType = image.png; path = image1.png; sourceTree = "<group>"; };
		6E1C40BC1DDC7C5300A8DFA6 /* image_rounded_corners_border.png */ = {isa = PBXFileReference; lastKnownFileType = image.png; path = image_rounded_corners_border.png; sourceTree = "<group>"; };
		6E1C40BD1DDC7C5300A8DFA6 /* package_bg.png */ = {isa = PBXFileReference; lastKnownFileType = image.png; path = package_bg.png; sourceTree = "<group>"; };
		6E1C40BE1DDC7C5300A8DFA6 /* package_bottom_bg.png */ = {isa = PBXFileReference; lastKnownFileType = image.png; path = package_bottom_bg.png; sourceTree = "<group>"; };
		6E1C40BF1DDC7C5300A8DFA6 /* package_bottom_left.png */ = {isa = PBXFileReference; lastKnownFileType = image.png; path = package_bottom_left.png; sourceTree = "<group>"; };
		6E1C40C01DDC7C5300A8DFA6 /* package_bottom_right.png */ = {isa = PBXFileReference; lastKnownFileType = image.png; path = package_bottom_right.png; sourceTree = "<group>"; };
		6E1C40C11DDC7C5300A8DFA6 /* package_top_bg.png */ = {isa = PBXFileReference; lastKnownFileType = image.png; path = package_top_bg.png; sourceTree = "<group>"; };
		6E1C40C21DDC7C5300A8DFA6 /* phone_number.png */ = {isa = PBXFileReference; lastKnownFileType = image.png; path = phone_number.png; sourceTree = "<group>"; };
		6E1C40C31DDC7C5300A8DFA6 /* shadow_drop.png */ = {isa = PBXFileReference; lastKnownFileType = image.png; path = shadow_drop.png; sourceTree = "<group>"; };
		6E1C40C41DDC7C5300A8DFA6 /* signinimage.png */ = {isa = PBXFileReference; lastKnownFileType = image.png; path = signinimage.png; sourceTree = "<group>"; };
		6E1C40C51DDC7C5300A8DFA6 /* tick_icon.png */ = {isa = PBXFileReference; lastKnownFileType = image.png; path = tick_icon.png; sourceTree = "<group>"; };
		6E1C40F71DDD842500A8DFA6 /* RecruitViewController.h */ = {isa = PBXFileReference; fileEncoding = 4; lastKnownFileType = sourcecode.c.h; path = RecruitViewController.h; sourceTree = "<group>"; };
		6E1C40F81DDD842500A8DFA6 /* RecruitViewController.m */ = {isa = PBXFileReference; fileEncoding = 4; lastKnownFileType = sourcecode.c.objc; path = RecruitViewController.m; sourceTree = "<group>"; };
		6E1C40FA1DDD8D6A00A8DFA6 /* BaseViewController.h */ = {isa = PBXFileReference; fileEncoding = 4; lastKnownFileType = sourcecode.c.h; path = BaseViewController.h; sourceTree = "<group>"; };
		6E1C40FB1DDD8D6A00A8DFA6 /* BaseViewController.m */ = {isa = PBXFileReference; fileEncoding = 4; lastKnownFileType = sourcecode.c.objc; path = BaseViewController.m; sourceTree = "<group>"; };
		6E1C40FE1DDD8DEB00A8DFA6 /* AppTableViewCell.h */ = {isa = PBXFileReference; fileEncoding = 4; lastKnownFileType = sourcecode.c.h; path = AppTableViewCell.h; sourceTree = "<group>"; };
		6E1C40FF1DDD8DEB00A8DFA6 /* AppTableViewCell.m */ = {isa = PBXFileReference; fileEncoding = 4; lastKnownFileType = sourcecode.c.objc; path = AppTableViewCell.m; sourceTree = "<group>"; };
		6E1C41001DDD8DEB00A8DFA6 /* Common.h */ = {isa = PBXFileReference; fileEncoding = 4; lastKnownFileType = sourcecode.c.h; path = Common.h; sourceTree = "<group>"; };
		6E1C41011DDD8DEB00A8DFA6 /* MenuInfo.h */ = {isa = PBXFileReference; fileEncoding = 4; lastKnownFileType = sourcecode.c.h; path = MenuInfo.h; sourceTree = "<group>"; };
		6E1C41021DDD8DEB00A8DFA6 /* MenuInfo.m */ = {isa = PBXFileReference; fileEncoding = 4; lastKnownFileType = sourcecode.c.objc; path = MenuInfo.m; sourceTree = "<group>"; };
		6E1C41031DDD8DEB00A8DFA6 /* NSData+Base64.h */ = {isa = PBXFileReference; fileEncoding = 4; lastKnownFileType = sourcecode.c.h; path = "NSData+Base64.h"; sourceTree = "<group>"; };
		6E1C41041DDD8DEB00A8DFA6 /* NSData+Base64.m */ = {isa = PBXFileReference; fileEncoding = 4; lastKnownFileType = sourcecode.c.objc; path = "NSData+Base64.m"; sourceTree = "<group>"; };
		6E1C41051DDD8DEB00A8DFA6 /* PopViewControllerDelegate.h */ = {isa = PBXFileReference; fileEncoding = 4; lastKnownFileType = sourcecode.c.h; path = PopViewControllerDelegate.h; sourceTree = "<group>"; };
		6E1C41071DDD8DEB00A8DFA6 /* LICENCE.txt */ = {isa = PBXFileReference; fileEncoding = 4; lastKnownFileType = text; path = LICENCE.txt; sourceTree = "<group>"; };
		6E1C41081DDD8DEB00A8DFA6 /* Reachability.h */ = {isa = PBXFileReference; fileEncoding = 4; lastKnownFileType = sourcecode.c.h; path = Reachability.h; sourceTree = "<group>"; };
		6E1C41091DDD8DEB00A8DFA6 /* Reachability.m */ = {isa = PBXFileReference; fileEncoding = 4; lastKnownFileType = sourcecode.c.objc; path = Reachability.m; sourceTree = "<group>"; };
		6E1C410A1DDD8DEB00A8DFA6 /* README.md */ = {isa = PBXFileReference; fileEncoding = 4; lastKnownFileType = net.daringfireball.markdown; path = README.md; sourceTree = "<group>"; };
		6E1C410B1DDD8DEB00A8DFA6 /* ResizeLabel.h */ = {isa = PBXFileReference; fileEncoding = 4; lastKnownFileType = sourcecode.c.h; path = ResizeLabel.h; sourceTree = "<group>"; };
		6E1C410C1DDD8DEB00A8DFA6 /* ResizeLabel.m */ = {isa = PBXFileReference; fileEncoding = 4; lastKnownFileType = sourcecode.c.objc; path = ResizeLabel.m; sourceTree = "<group>"; };
		6E1C410D1DDD8DEB00A8DFA6 /* Utils.h */ = {isa = PBXFileReference; fileEncoding = 4; lastKnownFileType = sourcecode.c.h; path = Utils.h; sourceTree = "<group>"; };
		6E1C410E1DDD8DEB00A8DFA6 /* Utils.m */ = {isa = PBXFileReference; fileEncoding = 4; lastKnownFileType = sourcecode.c.objc; path = Utils.m; sourceTree = "<group>"; };
		6E1C41191DDD8E2700A8DFA6 /* AFHTTPSessionManager.h */ = {isa = PBXFileReference; fileEncoding = 4; lastKnownFileType = sourcecode.c.h; path = AFHTTPSessionManager.h; sourceTree = "<group>"; };
		6E1C411A1DDD8E2700A8DFA6 /* AFHTTPSessionManager.m */ = {isa = PBXFileReference; fileEncoding = 4; lastKnownFileType = sourcecode.c.objc; path = AFHTTPSessionManager.m; sourceTree = "<group>"; };
		6E1C411B1DDD8E2700A8DFA6 /* AFNetworking.h */ = {isa = PBXFileReference; fileEncoding = 4; lastKnownFileType = sourcecode.c.h; path = AFNetworking.h; sourceTree = "<group>"; };
		6E1C411C1DDD8E2700A8DFA6 /* AFNetworkReachabilityManager.h */ = {isa = PBXFileReference; fileEncoding = 4; lastKnownFileType = sourcecode.c.h; path = AFNetworkReachabilityManager.h; sourceTree = "<group>"; };
		6E1C411D1DDD8E2700A8DFA6 /* AFNetworkReachabilityManager.m */ = {isa = PBXFileReference; fileEncoding = 4; lastKnownFileType = sourcecode.c.objc; path = AFNetworkReachabilityManager.m; sourceTree = "<group>"; };
		6E1C411E1DDD8E2700A8DFA6 /* AFSecurityPolicy.h */ = {isa = PBXFileReference; fileEncoding = 4; lastKnownFileType = sourcecode.c.h; path = AFSecurityPolicy.h; sourceTree = "<group>"; };
		6E1C411F1DDD8E2700A8DFA6 /* AFSecurityPolicy.m */ = {isa = PBXFileReference; fileEncoding = 4; lastKnownFileType = sourcecode.c.objc; path = AFSecurityPolicy.m; sourceTree = "<group>"; };
		6E1C41201DDD8E2700A8DFA6 /* AFURLRequestSerialization.h */ = {isa = PBXFileReference; fileEncoding = 4; lastKnownFileType = sourcecode.c.h; path = AFURLRequestSerialization.h; sourceTree = "<group>"; };
		6E1C41211DDD8E2700A8DFA6 /* AFURLRequestSerialization.m */ = {isa = PBXFileReference; fileEncoding = 4; lastKnownFileType = sourcecode.c.objc; path = AFURLRequestSerialization.m; sourceTree = "<group>"; };
		6E1C41221DDD8E2700A8DFA6 /* AFURLResponseSerialization.h */ = {isa = PBXFileReference; fileEncoding = 4; lastKnownFileType = sourcecode.c.h; path = AFURLResponseSerialization.h; sourceTree = "<group>"; };
		6E1C41231DDD8E2700A8DFA6 /* AFURLResponseSerialization.m */ = {isa = PBXFileReference; fileEncoding = 4; lastKnownFileType = sourcecode.c.objc; path = AFURLResponseSerialization.m; sourceTree = "<group>"; };
		6E1C41241DDD8E2700A8DFA6 /* AFURLSessionManager.h */ = {isa = PBXFileReference; fileEncoding = 4; lastKnownFileType = sourcecode.c.h; path = AFURLSessionManager.h; sourceTree = "<group>"; };
		6E1C41251DDD8E2700A8DFA6 /* AFURLSessionManager.m */ = {isa = PBXFileReference; fileEncoding = 4; lastKnownFileType = sourcecode.c.objc; path = AFURLSessionManager.m; sourceTree = "<group>"; };
		6E1C41261DDD8E2700A8DFA6 /* LICENSE */ = {isa = PBXFileReference; fileEncoding = 4; lastKnownFileType = text; path = LICENSE; sourceTree = "<group>"; };
		6E1C41271DDD8E2700A8DFA6 /* README.md */ = {isa = PBXFileReference; fileEncoding = 4; lastKnownFileType = net.daringfireball.markdown; path = README.md; sourceTree = "<group>"; };
		6E1C41291DDD8E2700A8DFA6 /* AFAutoPurgingImageCache.h */ = {isa = PBXFileReference; fileEncoding = 4; lastKnownFileType = sourcecode.c.h; path = AFAutoPurgingImageCache.h; sourceTree = "<group>"; };
		6E1C412A1DDD8E2700A8DFA6 /* AFAutoPurgingImageCache.m */ = {isa = PBXFileReference; fileEncoding = 4; lastKnownFileType = sourcecode.c.objc; path = AFAutoPurgingImageCache.m; sourceTree = "<group>"; };
		6E1C412B1DDD8E2700A8DFA6 /* AFImageDownloader.h */ = {isa = PBXFileReference; fileEncoding = 4; lastKnownFileType = sourcecode.c.h; path = AFImageDownloader.h; sourceTree = "<group>"; };
		6E1C412C1DDD8E2700A8DFA6 /* AFImageDownloader.m */ = {isa = PBXFileReference; fileEncoding = 4; lastKnownFileType = sourcecode.c.objc; path = AFImageDownloader.m; sourceTree = "<group>"; };
		6E1C412D1DDD8E2700A8DFA6 /* AFNetworkActivityIndicatorManager.h */ = {isa = PBXFileReference; fileEncoding = 4; lastKnownFileType = sourcecode.c.h; path = AFNetworkActivityIndicatorManager.h; sourceTree = "<group>"; };
		6E1C412E1DDD8E2700A8DFA6 /* AFNetworkActivityIndicatorManager.m */ = {isa = PBXFileReference; fileEncoding = 4; lastKnownFileType = sourcecode.c.objc; path = AFNetworkActivityIndicatorManager.m; sourceTree = "<group>"; };
		6E1C412F1DDD8E2700A8DFA6 /* UIActivityIndicatorView+AFNetworking.h */ = {isa = PBXFileReference; fileEncoding = 4; lastKnownFileType = sourcecode.c.h; path = "UIActivityIndicatorView+AFNetworking.h"; sourceTree = "<group>"; };
		6E1C41301DDD8E2700A8DFA6 /* UIActivityIndicatorView+AFNetworking.m */ = {isa = PBXFileReference; fileEncoding = 4; lastKnownFileType = sourcecode.c.objc; path = "UIActivityIndicatorView+AFNetworking.m"; sourceTree = "<group>"; };
		6E1C41311DDD8E2700A8DFA6 /* UIButton+AFNetworking.h */ = {isa = PBXFileReference; fileEncoding = 4; lastKnownFileType = sourcecode.c.h; path = "UIButton+AFNetworking.h"; sourceTree = "<group>"; };
		6E1C41321DDD8E2700A8DFA6 /* UIButton+AFNetworking.m */ = {isa = PBXFileReference; fileEncoding = 4; lastKnownFileType = sourcecode.c.objc; path = "UIButton+AFNetworking.m"; sourceTree = "<group>"; };
		6E1C41331DDD8E2700A8DFA6 /* UIImage+AFNetworking.h */ = {isa = PBXFileReference; fileEncoding = 4; lastKnownFileType = sourcecode.c.h; path = "UIImage+AFNetworking.h"; sourceTree = "<group>"; };
		6E1C41341DDD8E2700A8DFA6 /* UIImageView+AFNetworking.h */ = {isa = PBXFileReference; fileEncoding = 4; lastKnownFileType = sourcecode.c.h; path = "UIImageView+AFNetworking.h"; sourceTree = "<group>"; };
		6E1C41351DDD8E2700A8DFA6 /* UIImageView+AFNetworking.m */ = {isa = PBXFileReference; fileEncoding = 4; lastKnownFileType = sourcecode.c.objc; path = "UIImageView+AFNetworking.m"; sourceTree = "<group>"; };
		6E1C41361DDD8E2700A8DFA6 /* UIKit+AFNetworking.h */ = {isa = PBXFileReference; fileEncoding = 4; lastKnownFileType = sourcecode.c.h; path = "UIKit+AFNetworking.h"; sourceTree = "<group>"; };
		6E1C41371DDD8E2700A8DFA6 /* UIProgressView+AFNetworking.h */ = {isa = PBXFileReference; fileEncoding = 4; lastKnownFileType = sourcecode.c.h; path = "UIProgressView+AFNetworking.h"; sourceTree = "<group>"; };
		6E1C41381DDD8E2700A8DFA6 /* UIProgressView+AFNetworking.m */ = {isa = PBXFileReference; fileEncoding = 4; lastKnownFileType = sourcecode.c.objc; path = "UIProgressView+AFNetworking.m"; sourceTree = "<group>"; };
		6E1C41391DDD8E2700A8DFA6 /* UIRefreshControl+AFNetworking.h */ = {isa = PBXFileReference; fileEncoding = 4; lastKnownFileType = sourcecode.c.h; path = "UIRefreshControl+AFNetworking.h"; sourceTree = "<group>"; };
		6E1C413A1DDD8E2700A8DFA6 /* UIRefreshControl+AFNetworking.m */ = {isa = PBXFileReference; fileEncoding = 4; lastKnownFileType = sourcecode.c.objc; path = "UIRefreshControl+AFNetworking.m"; sourceTree = "<group>"; };
		6E1C413B1DDD8E2700A8DFA6 /* UIWebView+AFNetworking.h */ = {isa = PBXFileReference; fileEncoding = 4; lastKnownFileType = sourcecode.c.h; path = "UIWebView+AFNetworking.h"; sourceTree = "<group>"; };
		6E1C413C1DDD8E2700A8DFA6 /* UIWebView+AFNetworking.m */ = {isa = PBXFileReference; fileEncoding = 4; lastKnownFileType = sourcecode.c.objc; path = "UIWebView+AFNetworking.m"; sourceTree = "<group>"; };
		6E1C41501DDD8E4100A8DFA6 /* MCLocalization.h */ = {isa = PBXFileReference; fileEncoding = 4; lastKnownFileType = sourcecode.c.h; path = MCLocalization.h; sourceTree = "<group>"; };
		6E1C41511DDD8E4100A8DFA6 /* MCLocalization.m */ = {isa = PBXFileReference; fileEncoding = 4; lastKnownFileType = sourcecode.c.objc; path = MCLocalization.m; sourceTree = "<group>"; };
		6E1C41521DDD8E4100A8DFA6 /* MCLocalizationDataSource.h */ = {isa = PBXFileReference; fileEncoding = 4; lastKnownFileType = sourcecode.c.h; path = MCLocalizationDataSource.h; sourceTree = "<group>"; };
		6E1C41531DDD8E4100A8DFA6 /* MCLocalizationDummyDataSource.h */ = {isa = PBXFileReference; fileEncoding = 4; lastKnownFileType = sourcecode.c.h; path = MCLocalizationDummyDataSource.h; sourceTree = "<group>"; };
		6E1C41541DDD8E4100A8DFA6 /* MCLocalizationDummyDataSource.m */ = {isa = PBXFileReference; fileEncoding = 4; lastKnownFileType = sourcecode.c.objc; path = MCLocalizationDummyDataSource.m; sourceTree = "<group>"; };
		6E1C41551DDD8E4100A8DFA6 /* MCLocalizationOneJSONFilePerLanguageDataSource.h */ = {isa = PBXFileReference; fileEncoding = 4; lastKnownFileType = sourcecode.c.h; path = MCLocalizationOneJSONFilePerLanguageDataSource.h; sourceTree = "<group>"; };
		6E1C41561DDD8E4100A8DFA6 /* MCLocalizationOneJSONFilePerLanguageDataSource.m */ = {isa = PBXFileReference; fileEncoding = 4; lastKnownFileType = sourcecode.c.objc; path = MCLocalizationOneJSONFilePerLanguageDataSource.m; sourceTree = "<group>"; };
		6E1C41571DDD8E4100A8DFA6 /* MCLocalizationSingleJSONFileDataSource.h */ = {isa = PBXFileReference; fileEncoding = 4; lastKnownFileType = sourcecode.c.h; path = MCLocalizationSingleJSONFileDataSource.h; sourceTree = "<group>"; };
		6E1C41581DDD8E4100A8DFA6 /* MCLocalizationSingleJSONFileDataSource.m */ = {isa = PBXFileReference; fileEncoding = 4; lastKnownFileType = sourcecode.c.objc; path = MCLocalizationSingleJSONFileDataSource.m; sourceTree = "<group>"; };
		6E1C41591DDD8E4100A8DFA6 /* LICENSE */ = {isa = PBXFileReference; fileEncoding = 4; lastKnownFileType = text; path = LICENSE; sourceTree = "<group>"; };
		6E1C415A1DDD8E4100A8DFA6 /* README.md */ = {isa = PBXFileReference; fileEncoding = 4; lastKnownFileType = net.daringfireball.markdown; path = README.md; sourceTree = "<group>"; };
		6E1C41621DDD8EA000A8DFA6 /* LICENSE.txt */ = {isa = PBXFileReference; fileEncoding = 4; lastKnownFileType = text; path = LICENSE.txt; sourceTree = "<group>"; };
		6E1C41631DDD8EA000A8DFA6 /* README.md */ = {isa = PBXFileReference; fileEncoding = 4; lastKnownFileType = net.daringfireball.markdown; path = README.md; sourceTree = "<group>"; };
		6E1C41651DDD8EA000A8DFA6 /* SVIndefiniteAnimatedView.h */ = {isa = PBXFileReference; fileEncoding = 4; lastKnownFileType = sourcecode.c.h; path = SVIndefiniteAnimatedView.h; sourceTree = "<group>"; };
		6E1C41661DDD8EA000A8DFA6 /* SVIndefiniteAnimatedView.m */ = {isa = PBXFileReference; fileEncoding = 4; lastKnownFileType = sourcecode.c.objc; path = SVIndefiniteAnimatedView.m; sourceTree = "<group>"; };
		6E1C41671DDD8EA000A8DFA6 /* SVProgressAnimatedView.h */ = {isa = PBXFileReference; fileEncoding = 4; lastKnownFileType = sourcecode.c.h; path = SVProgressAnimatedView.h; sourceTree = "<group>"; };
		6E1C41681DDD8EA000A8DFA6 /* SVProgressAnimatedView.m */ = {isa = PBXFileReference; fileEncoding = 4; lastKnownFileType = sourcecode.c.objc; path = SVProgressAnimatedView.m; sourceTree = "<group>"; };
		6E1C41691DDD8EA000A8DFA6 /* SVProgressHUD.bundle */ = {isa = PBXFileReference; lastKnownFileType = "wrapper.plug-in"; path = SVProgressHUD.bundle; sourceTree = "<group>"; };
		6E1C416A1DDD8EA000A8DFA6 /* SVProgressHUD.h */ = {isa = PBXFileReference; fileEncoding = 4; lastKnownFileType = sourcecode.c.h; path = SVProgressHUD.h; sourceTree = "<group>"; };
		6E1C416B1DDD8EA000A8DFA6 /* SVProgressHUD.m */ = {isa = PBXFileReference; fileEncoding = 4; lastKnownFileType = sourcecode.c.objc; path = SVProgressHUD.m; sourceTree = "<group>"; };
		6E1C416C1DDD8EA000A8DFA6 /* SVRadialGradientLayer.h */ = {isa = PBXFileReference; fileEncoding = 4; lastKnownFileType = sourcecode.c.h; path = SVRadialGradientLayer.h; sourceTree = "<group>"; };
		6E1C416D1DDD8EA000A8DFA6 /* SVRadialGradientLayer.m */ = {isa = PBXFileReference; fileEncoding = 4; lastKnownFileType = sourcecode.c.objc; path = SVRadialGradientLayer.m; sourceTree = "<group>"; };
		6E1C41751DDD973100A8DFA6 /* PostYourCVViewController.h */ = {isa = PBXFileReference; fileEncoding = 4; lastKnownFileType = sourcecode.c.h; path = PostYourCVViewController.h; sourceTree = "<group>"; };
		6E1C41761DDD973100A8DFA6 /* PostYourCVViewController.m */ = {isa = PBXFileReference; fileEncoding = 4; lastKnownFileType = sourcecode.c.objc; path = PostYourCVViewController.m; sourceTree = "<group>"; };
		6E1C41781DDDA97800A8DFA6 /* LoginViewController.h */ = {isa = PBXFileReference; fileEncoding = 4; lastKnownFileType = sourcecode.c.h; path = LoginViewController.h; sourceTree = "<group>"; };
		6E1C41791DDDA97800A8DFA6 /* LoginViewController.m */ = {isa = PBXFileReference; fileEncoding = 4; lastKnownFileType = sourcecode.c.objc; path = LoginViewController.m; sourceTree = "<group>"; };
		6E1C417B1DDDAA1F00A8DFA6 /* RegisterViewController.h */ = {isa = PBXFileReference; fileEncoding = 4; lastKnownFileType = sourcecode.c.h; path = RegisterViewController.h; sourceTree = "<group>"; };
		6E1C417C1DDDAA1F00A8DFA6 /* RegisterViewController.m */ = {isa = PBXFileReference; fileEncoding = 4; lastKnownFileType = sourcecode.c.objc; path = RegisterViewController.m; sourceTree = "<group>"; };
/* End PBXFileReference section */

/* Begin PBXFrameworksBuildPhase section */
		6E1C40501DDC785E00A8DFA6 /* Frameworks */ = {
			isa = PBXFrameworksBuildPhase;
			buildActionMask = 2147483647;
			files = (
			);
			runOnlyForDeploymentPostprocessing = 0;
		};
		6E1C40691DDC785F00A8DFA6 /* Frameworks */ = {
			isa = PBXFrameworksBuildPhase;
			buildActionMask = 2147483647;
			files = (
			);
			runOnlyForDeploymentPostprocessing = 0;
		};
		6E1C40741DDC785F00A8DFA6 /* Frameworks */ = {
			isa = PBXFrameworksBuildPhase;
			buildActionMask = 2147483647;
			files = (
			);
			runOnlyForDeploymentPostprocessing = 0;
		};
/* End PBXFrameworksBuildPhase section */

/* Begin PBXGroup section */
		6E1C404A1DDC785E00A8DFA6 = {
			isa = PBXGroup;
			children = (
				6E1C40551DDC785E00A8DFA6 /* Mass6loob */,
				6E1C406F1DDC785F00A8DFA6 /* Mass6loobTests */,
				6E1C407A1DDC785F00A8DFA6 /* Mass6loobUITests */,
				6E1C40541DDC785E00A8DFA6 /* Products */,
			);
			sourceTree = "<group>";
		};
		6E1C40541DDC785E00A8DFA6 /* Products */ = {
			isa = PBXGroup;
			children = (
				6E1C40531DDC785E00A8DFA6 /* Mass6loob.app */,
				6E1C406C1DDC785F00A8DFA6 /* Mass6loobTests.xctest */,
				6E1C40771DDC785F00A8DFA6 /* Mass6loobUITests.xctest */,
			);
			name = Products;
			sourceTree = "<group>";
		};
		6E1C40551DDC785E00A8DFA6 /* Mass6loob */ = {
			isa = PBXGroup;
			children = (
				6E1C40FD1DDD8DEB00A8DFA6 /* Common */,
				6E1C40591DDC785E00A8DFA6 /* AppDelegate.h */,
				6E1C405A1DDC785E00A8DFA6 /* AppDelegate.m */,
				6E1C405C1DDC785E00A8DFA6 /* ViewController.h */,
				6E1C405D1DDC785E00A8DFA6 /* ViewController.m */,
				6E1C41781DDDA97800A8DFA6 /* LoginViewController.h */,
				6E1C41791DDDA97800A8DFA6 /* LoginViewController.m */,
				6E1C417B1DDDAA1F00A8DFA6 /* RegisterViewController.h */,
				6E1C417C1DDDAA1F00A8DFA6 /* RegisterViewController.m */,
				6E1C40FA1DDD8D6A00A8DFA6 /* BaseViewController.h */,
				6E1C40FB1DDD8D6A00A8DFA6 /* BaseViewController.m */,
				6E1C408E1DDC79DA00A8DFA6 /* MainViewController.h */,
				6E1C408F1DDC79DA00A8DFA6 /* MainViewController.m */,
				6E1C40F71DDD842500A8DFA6 /* RecruitViewController.h */,
				6E1C40F81DDD842500A8DFA6 /* RecruitViewController.m */,
				6E1C41751DDD973100A8DFA6 /* PostYourCVViewController.h */,
				6E1C41761DDD973100A8DFA6 /* PostYourCVViewController.m */,
				6E1C405F1DDC785E00A8DFA6 /* Main.storyboard */,
				6E1C40621DDC785E00A8DFA6 /* Assets.xcassets */,
				6E1C40641DDC785E00A8DFA6 /* LaunchScreen.storyboard */,
				6E1C40671DDC785E00A8DFA6 /* Info.plist */,
				6E1C40941DDC7C5300A8DFA6 /* Imageslist */,
				6E1C40911DDC7A6400A8DFA6 /* images */,
				6E1C40891DDC798500A8DFA6 /* ThirdParties */,
				6E1C40561DDC785E00A8DFA6 /* Supporting Files */,
			);
			path = Mass6loob;
			sourceTree = "<group>";
		};
		6E1C40561DDC785E00A8DFA6 /* Supporting Files */ = {
			isa = PBXGroup;
			children = (
				6E1C40571DDC785E00A8DFA6 /* main.m */,
			);
			name = "Supporting Files";
			sourceTree = "<group>";
		};
		6E1C406F1DDC785F00A8DFA6 /* Mass6loobTests */ = {
			isa = PBXGroup;
			children = (
				6E1C40701DDC785F00A8DFA6 /* Mass6loobTests.m */,
				6E1C40721DDC785F00A8DFA6 /* Info.plist */,
			);
			path = Mass6loobTests;
			sourceTree = "<group>";
		};
		6E1C407A1DDC785F00A8DFA6 /* Mass6loobUITests */ = {
			isa = PBXGroup;
			children = (
				6E1C407B1DDC785F00A8DFA6 /* Mass6loobUITests.m */,
				6E1C407D1DDC785F00A8DFA6 /* Info.plist */,
			);
			path = Mass6loobUITests;
			sourceTree = "<group>";
		};
		6E1C40891DDC798500A8DFA6 /* ThirdParties */ = {
			isa = PBXGroup;
			children = (
				6E1C41611DDD8EA000A8DFA6 /* SVProgressHUD */,
				6E1C414E1DDD8E4100A8DFA6 /* MCLocalization */,
				6E1C41171DDD8E2700A8DFA6 /* AFNetworking */,
				6E1C408A1DDC79AC00A8DFA6 /* iCarousel */,
			);
			name = ThirdParties;
			path = Mass6loobTests;
			sourceTree = SOURCE_ROOT;
		};
		6E1C408A1DDC79AC00A8DFA6 /* iCarousel */ = {
			isa = PBXGroup;
			children = (
				6E1C408B1DDC79AC00A8DFA6 /* iCarousel.h */,
				6E1C408C1DDC79AC00A8DFA6 /* iCarousel.m */,
			);
			path = iCarousel;
			sourceTree = "<group>";
		};
		6E1C40911DDC7A6400A8DFA6 /* images */ = {
			isa = PBXGroup;
			children = (
				6E1C40921DDC7A7200A8DFA6 /* page.png */,
			);
			name = images;
			sourceTree = "<group>";
		};
		6E1C40941DDC7C5300A8DFA6 /* Imageslist */ = {
			isa = PBXGroup;
			children = (
				6E1C40951DDC7C5300A8DFA6 /* app_bg_blue.png */,
				6E1C40961DDC7C5300A8DFA6 /* blue_setings.png */,
				6E1C40971DDC7C5300A8DFA6 /* buy_now_bg.png */,
				6E1C40981DDC7C5300A8DFA6 /* check_icon.png */,
				6E1C40991DDC7C5300A8DFA6 /* close.png */,
				6E1C409A1DDC7C5300A8DFA6 /* company_image.png */,
				6E1C409B1DDC7C5300A8DFA6 /* cross_bg.9.png */,
				6E1C409C1DDC7C5300A8DFA6 /* cross_bg_full.png */,
				6E1C409D1DDC7C5300A8DFA6 /* cross_small_bg.9.png */,
				6E1C409E1DDC7C5300A8DFA6 /* find_freelancers.png */,
				6E1C409F1DDC7C5300A8DFA6 /* find_jobs.png */,
				6E1C40A01DDC7C5300A8DFA6 /* find_volunteers.png */,
				6E1C40A11DDC7C5300A8DFA6 /* home_settings.png */,
				6E1C40A21DDC7C5300A8DFA6 /* ic_about.png */,
				6E1C40A31DDC7C5300A8DFA6 /* ic_age.png */,
				6E1C40A41DDC7C5300A8DFA6 /* ic_arrow.png */,
				6E1C40A51DDC7C5300A8DFA6 /* ic_checkbox.png */,
				6E1C40A61DDC7C5300A8DFA6 /* ic_company.png */,
				6E1C40A71DDC7C5300A8DFA6 /* ic_country.png */,
				6E1C40A81DDC7C5300A8DFA6 /* ic_education.png */,
				6E1C40A91DDC7C5300A8DFA6 /* ic_email.png */,
				6E1C40AA1DDC7C5300A8DFA6 /* ic_english.png */,
				6E1C40AB1DDC7C5300A8DFA6 /* ic_established.png */,
				6E1C40AC1DDC7C5300A8DFA6 /* ic_experience.png */,
				6E1C40AD1DDC7C5300A8DFA6 /* ic_fields.png */,
				6E1C40AE1DDC7C5300A8DFA6 /* ic_gender.png */,
				6E1C40AF1DDC7C5300A8DFA6 /* ic_jobtitle.png */,
				6E1C40B01DDC7C5300A8DFA6 /* ic_left.png */,
				6E1C40B11DDC7C5300A8DFA6 /* ic_location.png */,
				6E1C40B21DDC7C5300A8DFA6 /* ic_location_emp.png */,
				6E1C40B31DDC7C5300A8DFA6 /* ic_nationality.png */,
				6E1C40B41DDC7C5300A8DFA6 /* ic_others.png */,
				6E1C40B51DDC7C5300A8DFA6 /* ic_password.png */,
				6E1C40B61DDC7C5300A8DFA6 /* ic_phone_number.png */,
				6E1C40B71DDC7C5300A8DFA6 /* ic_right.png */,
				6E1C40B81DDC7C5300A8DFA6 /* ic_upload.png */,
				6E1C40B91DDC7C5300A8DFA6 /* ic_upload_image.png */,
				6E1C40BA1DDC7C5300A8DFA6 /* ic_user.png */,
				6E1C40BB1DDC7C5300A8DFA6 /* image1.png */,
				6E1C40BC1DDC7C5300A8DFA6 /* image_rounded_corners_border.png */,
				6E1C40BD1DDC7C5300A8DFA6 /* package_bg.png */,
				6E1C40BE1DDC7C5300A8DFA6 /* package_bottom_bg.png */,
				6E1C40BF1DDC7C5300A8DFA6 /* package_bottom_left.png */,
				6E1C40C01DDC7C5300A8DFA6 /* package_bottom_right.png */,
				6E1C40C11DDC7C5300A8DFA6 /* package_top_bg.png */,
				6E1C40C21DDC7C5300A8DFA6 /* phone_number.png */,
				6E1C40C31DDC7C5300A8DFA6 /* shadow_drop.png */,
				6E1C40C41DDC7C5300A8DFA6 /* signinimage.png */,
				6E1C40C51DDC7C5300A8DFA6 /* tick_icon.png */,
			);
			path = Imageslist;
			sourceTree = "<group>";
		};
		6E1C40FD1DDD8DEB00A8DFA6 /* Common */ = {
			isa = PBXGroup;
			children = (
				6E1C40FE1DDD8DEB00A8DFA6 /* AppTableViewCell.h */,
				6E1C40FF1DDD8DEB00A8DFA6 /* AppTableViewCell.m */,
				6E1C41001DDD8DEB00A8DFA6 /* Common.h */,
				6E1C41011DDD8DEB00A8DFA6 /* MenuInfo.h */,
				6E1C41021DDD8DEB00A8DFA6 /* MenuInfo.m */,
				6E1C41031DDD8DEB00A8DFA6 /* NSData+Base64.h */,
				6E1C41041DDD8DEB00A8DFA6 /* NSData+Base64.m */,
				6E1C41051DDD8DEB00A8DFA6 /* PopViewControllerDelegate.h */,
				6E1C41061DDD8DEB00A8DFA6 /* Reachability */,
				6E1C410B1DDD8DEB00A8DFA6 /* ResizeLabel.h */,
				6E1C410C1DDD8DEB00A8DFA6 /* ResizeLabel.m */,
				6E1C410D1DDD8DEB00A8DFA6 /* Utils.h */,
				6E1C410E1DDD8DEB00A8DFA6 /* Utils.m */,
			);
			path = Common;
			sourceTree = "<group>";
		};
		6E1C41061DDD8DEB00A8DFA6 /* Reachability */ = {
			isa = PBXGroup;
			children = (
				6E1C41071DDD8DEB00A8DFA6 /* LICENCE.txt */,
				6E1C41081DDD8DEB00A8DFA6 /* Reachability.h */,
				6E1C41091DDD8DEB00A8DFA6 /* Reachability.m */,
				6E1C410A1DDD8DEB00A8DFA6 /* README.md */,
			);
			path = Reachability;
			sourceTree = "<group>";
		};
		6E1C41171DDD8E2700A8DFA6 /* AFNetworking */ = {
			isa = PBXGroup;
			children = (
				6E1C41181DDD8E2700A8DFA6 /* AFNetworking */,
				6E1C41261DDD8E2700A8DFA6 /* LICENSE */,
				6E1C41271DDD8E2700A8DFA6 /* README.md */,
				6E1C41281DDD8E2700A8DFA6 /* UIKit+AFNetworking */,
			);
			path = AFNetworking;
			sourceTree = "<group>";
		};
		6E1C41181DDD8E2700A8DFA6 /* AFNetworking */ = {
			isa = PBXGroup;
			children = (
				6E1C41191DDD8E2700A8DFA6 /* AFHTTPSessionManager.h */,
				6E1C411A1DDD8E2700A8DFA6 /* AFHTTPSessionManager.m */,
				6E1C411B1DDD8E2700A8DFA6 /* AFNetworking.h */,
				6E1C411C1DDD8E2700A8DFA6 /* AFNetworkReachabilityManager.h */,
				6E1C411D1DDD8E2700A8DFA6 /* AFNetworkReachabilityManager.m */,
				6E1C411E1DDD8E2700A8DFA6 /* AFSecurityPolicy.h */,
				6E1C411F1DDD8E2700A8DFA6 /* AFSecurityPolicy.m */,
				6E1C41201DDD8E2700A8DFA6 /* AFURLRequestSerialization.h */,
				6E1C41211DDD8E2700A8DFA6 /* AFURLRequestSerialization.m */,
				6E1C41221DDD8E2700A8DFA6 /* AFURLResponseSerialization.h */,
				6E1C41231DDD8E2700A8DFA6 /* AFURLResponseSerialization.m */,
				6E1C41241DDD8E2700A8DFA6 /* AFURLSessionManager.h */,
				6E1C41251DDD8E2700A8DFA6 /* AFURLSessionManager.m */,
			);
			path = AFNetworking;
			sourceTree = "<group>";
		};
		6E1C41281DDD8E2700A8DFA6 /* UIKit+AFNetworking */ = {
			isa = PBXGroup;
			children = (
				6E1C41291DDD8E2700A8DFA6 /* AFAutoPurgingImageCache.h */,
				6E1C412A1DDD8E2700A8DFA6 /* AFAutoPurgingImageCache.m */,
				6E1C412B1DDD8E2700A8DFA6 /* AFImageDownloader.h */,
				6E1C412C1DDD8E2700A8DFA6 /* AFImageDownloader.m */,
				6E1C412D1DDD8E2700A8DFA6 /* AFNetworkActivityIndicatorManager.h */,
				6E1C412E1DDD8E2700A8DFA6 /* AFNetworkActivityIndicatorManager.m */,
				6E1C412F1DDD8E2700A8DFA6 /* UIActivityIndicatorView+AFNetworking.h */,
				6E1C41301DDD8E2700A8DFA6 /* UIActivityIndicatorView+AFNetworking.m */,
				6E1C41311DDD8E2700A8DFA6 /* UIButton+AFNetworking.h */,
				6E1C41321DDD8E2700A8DFA6 /* UIButton+AFNetworking.m */,
				6E1C41331DDD8E2700A8DFA6 /* UIImage+AFNetworking.h */,
				6E1C41341DDD8E2700A8DFA6 /* UIImageView+AFNetworking.h */,
				6E1C41351DDD8E2700A8DFA6 /* UIImageView+AFNetworking.m */,
				6E1C41361DDD8E2700A8DFA6 /* UIKit+AFNetworking.h */,
				6E1C41371DDD8E2700A8DFA6 /* UIProgressView+AFNetworking.h */,
				6E1C41381DDD8E2700A8DFA6 /* UIProgressView+AFNetworking.m */,
				6E1C41391DDD8E2700A8DFA6 /* UIRefreshControl+AFNetworking.h */,
				6E1C413A1DDD8E2700A8DFA6 /* UIRefreshControl+AFNetworking.m */,
				6E1C413B1DDD8E2700A8DFA6 /* UIWebView+AFNetworking.h */,
				6E1C413C1DDD8E2700A8DFA6 /* UIWebView+AFNetworking.m */,
			);
			path = "UIKit+AFNetworking";
			sourceTree = "<group>";
		};
		6E1C414E1DDD8E4100A8DFA6 /* MCLocalization */ = {
			isa = PBXGroup;
			children = (
				6E1C414F1DDD8E4100A8DFA6 /* Classes */,
				6E1C41591DDD8E4100A8DFA6 /* LICENSE */,
				6E1C415A1DDD8E4100A8DFA6 /* README.md */,
			);
			name = MCLocalization;
			path = AFNetworking/MCLocalization;
			sourceTree = "<group>";
		};
		6E1C414F1DDD8E4100A8DFA6 /* Classes */ = {
			isa = PBXGroup;
			children = (
				6E1C41501DDD8E4100A8DFA6 /* MCLocalization.h */,
				6E1C41511DDD8E4100A8DFA6 /* MCLocalization.m */,
				6E1C41521DDD8E4100A8DFA6 /* MCLocalizationDataSource.h */,
				6E1C41531DDD8E4100A8DFA6 /* MCLocalizationDummyDataSource.h */,
				6E1C41541DDD8E4100A8DFA6 /* MCLocalizationDummyDataSource.m */,
				6E1C41551DDD8E4100A8DFA6 /* MCLocalizationOneJSONFilePerLanguageDataSource.h */,
				6E1C41561DDD8E4100A8DFA6 /* MCLocalizationOneJSONFilePerLanguageDataSource.m */,
				6E1C41571DDD8E4100A8DFA6 /* MCLocalizationSingleJSONFileDataSource.h */,
				6E1C41581DDD8E4100A8DFA6 /* MCLocalizationSingleJSONFileDataSource.m */,
			);
			path = Classes;
			sourceTree = "<group>";
		};
		6E1C41611DDD8EA000A8DFA6 /* SVProgressHUD */ = {
			isa = PBXGroup;
			children = (
				6E1C41621DDD8EA000A8DFA6 /* LICENSE.txt */,
				6E1C41631DDD8EA000A8DFA6 /* README.md */,
				6E1C41641DDD8EA000A8DFA6 /* SVProgressHUD */,
			);
			path = SVProgressHUD;
			sourceTree = "<group>";
		};
		6E1C41641DDD8EA000A8DFA6 /* SVProgressHUD */ = {
			isa = PBXGroup;
			children = (
				6E1C41651DDD8EA000A8DFA6 /* SVIndefiniteAnimatedView.h */,
				6E1C41661DDD8EA000A8DFA6 /* SVIndefiniteAnimatedView.m */,
				6E1C41671DDD8EA000A8DFA6 /* SVProgressAnimatedView.h */,
				6E1C41681DDD8EA000A8DFA6 /* SVProgressAnimatedView.m */,
				6E1C41691DDD8EA000A8DFA6 /* SVProgressHUD.bundle */,
				6E1C416A1DDD8EA000A8DFA6 /* SVProgressHUD.h */,
				6E1C416B1DDD8EA000A8DFA6 /* SVProgressHUD.m */,
				6E1C416C1DDD8EA000A8DFA6 /* SVRadialGradientLayer.h */,
				6E1C416D1DDD8EA000A8DFA6 /* SVRadialGradientLayer.m */,
			);
			path = SVProgressHUD;
			sourceTree = "<group>";
		};
/* End PBXGroup section */

/* Begin PBXNativeTarget section */
		6E1C40521DDC785E00A8DFA6 /* Mass6loob */ = {
			isa = PBXNativeTarget;
			buildConfigurationList = 6E1C40801DDC785F00A8DFA6 /* Build configuration list for PBXNativeTarget "Mass6loob" */;
			buildPhases = (
				6E1C404F1DDC785E00A8DFA6 /* Sources */,
				6E1C40501DDC785E00A8DFA6 /* Frameworks */,
				6E1C40511DDC785E00A8DFA6 /* Resources */,
			);
			buildRules = (
			);
			dependencies = (
			);
			name = Mass6loob;
			productName = Mass6loob;
			productReference = 6E1C40531DDC785E00A8DFA6 /* Mass6loob.app */;
			productType = "com.apple.product-type.application";
		};
		6E1C406B1DDC785F00A8DFA6 /* Mass6loobTests */ = {
			isa = PBXNativeTarget;
			buildConfigurationList = 6E1C40831DDC785F00A8DFA6 /* Build configuration list for PBXNativeTarget "Mass6loobTests" */;
			buildPhases = (
				6E1C40681DDC785F00A8DFA6 /* Sources */,
				6E1C40691DDC785F00A8DFA6 /* Frameworks */,
				6E1C406A1DDC785F00A8DFA6 /* Resources */,
			);
			buildRules = (
			);
			dependencies = (
				6E1C406E1DDC785F00A8DFA6 /* PBXTargetDependency */,
			);
			name = Mass6loobTests;
			productName = Mass6loobTests;
			productReference = 6E1C406C1DDC785F00A8DFA6 /* Mass6loobTests.xctest */;
			productType = "com.apple.product-type.bundle.unit-test";
		};
		6E1C40761DDC785F00A8DFA6 /* Mass6loobUITests */ = {
			isa = PBXNativeTarget;
			buildConfigurationList = 6E1C40861DDC785F00A8DFA6 /* Build configuration list for PBXNativeTarget "Mass6loobUITests" */;
			buildPhases = (
				6E1C40731DDC785F00A8DFA6 /* Sources */,
				6E1C40741DDC785F00A8DFA6 /* Frameworks */,
				6E1C40751DDC785F00A8DFA6 /* Resources */,
			);
			buildRules = (
			);
			dependencies = (
				6E1C40791DDC785F00A8DFA6 /* PBXTargetDependency */,
			);
			name = Mass6loobUITests;
			productName = Mass6loobUITests;
			productReference = 6E1C40771DDC785F00A8DFA6 /* Mass6loobUITests.xctest */;
			productType = "com.apple.product-type.bundle.ui-testing";
		};
/* End PBXNativeTarget section */

/* Begin PBXProject section */
		6E1C404B1DDC785E00A8DFA6 /* Project object */ = {
			isa = PBXProject;
			attributes = {
				LastUpgradeCheck = 0810;
				ORGANIZATIONNAME = ArjunVulapu;
				TargetAttributes = {
					6E1C40521DDC785E00A8DFA6 = {
						CreatedOnToolsVersion = 8.1;
						DevelopmentTeam = VY9CM6NY6X;
						ProvisioningStyle = Automatic;
					};
					6E1C406B1DDC785F00A8DFA6 = {
						CreatedOnToolsVersion = 8.1;
						ProvisioningStyle = Automatic;
						TestTargetID = 6E1C40521DDC785E00A8DFA6;
					};
					6E1C40761DDC785F00A8DFA6 = {
						CreatedOnToolsVersion = 8.1;
						ProvisioningStyle = Automatic;
						TestTargetID = 6E1C40521DDC785E00A8DFA6;
					};
				};
			};
			buildConfigurationList = 6E1C404E1DDC785E00A8DFA6 /* Build configuration list for PBXProject "Mass6loob" */;
			compatibilityVersion = "Xcode 3.2";
			developmentRegion = English;
			hasScannedForEncodings = 0;
			knownRegions = (
				en,
				Base,
			);
			mainGroup = 6E1C404A1DDC785E00A8DFA6;
			productRefGroup = 6E1C40541DDC785E00A8DFA6 /* Products */;
			projectDirPath = "";
			projectRoot = "";
			targets = (
				6E1C40521DDC785E00A8DFA6 /* Mass6loob */,
				6E1C406B1DDC785F00A8DFA6 /* Mass6loobTests */,
				6E1C40761DDC785F00A8DFA6 /* Mass6loobUITests */,
			);
		};
/* End PBXProject section */

/* Begin PBXResourcesBuildPhase section */
		6E1C40511DDC785E00A8DFA6 /* Resources */ = {
			isa = PBXResourcesBuildPhase;
			buildActionMask = 2147483647;
			files = (
				6E1C41121DDD8DEB00A8DFA6 /* LICENCE.txt in Resources */,
				6E1C40DE1DDC7C5300A8DFA6 /* ic_fields.png in Resources */,
				6E1C40CA1DDC7C5300A8DFA6 /* close.png in Resources */,
				6E1C40F41DDC7C5300A8DFA6 /* shadow_drop.png in Resources */,
				6E1C40D51DDC7C5300A8DFA6 /* ic_arrow.png in Resources */,
				6E1C41721DDD8EA000A8DFA6 /* SVProgressHUD.bundle in Resources */,
				6E1C40DB1DDC7C5300A8DFA6 /* ic_english.png in Resources */,
				6E1C40DD1DDC7C5300A8DFA6 /* ic_experience.png in Resources */,
				6E1C40E41DDC7C5300A8DFA6 /* ic_nationality.png in Resources */,
				6E1C40EE1DDC7C5300A8DFA6 /* package_bg.png in Resources */,
				6E1C40E31DDC7C5300A8DFA6 /* ic_location_emp.png in Resources */,
				6E1C415F1DDD8E4100A8DFA6 /* LICENSE in Resources */,
				6E1C40D91DDC7C5300A8DFA6 /* ic_education.png in Resources */,
				6E1C40ED1DDC7C5300A8DFA6 /* image_rounded_corners_border.png in Resources */,
				6E1C40E01DDC7C5300A8DFA6 /* ic_jobtitle.png in Resources */,
				6E1C40D81DDC7C5300A8DFA6 /* ic_country.png in Resources */,
				6E1C40931DDC7A7200A8DFA6 /* page.png in Resources */,
				6E1C40F01DDC7C5300A8DFA6 /* package_bottom_left.png in Resources */,
				6E1C40CE1DDC7C5300A8DFA6 /* cross_small_bg.9.png in Resources */,
				6E1C40C81DDC7C5300A8DFA6 /* buy_now_bg.png in Resources */,
				6E1C40F51DDC7C5300A8DFA6 /* signinimage.png in Resources */,
				6E1C40E81DDC7C5300A8DFA6 /* ic_right.png in Resources */,
				6E1C40DC1DDC7C5300A8DFA6 /* ic_established.png in Resources */,
				6E1C40CC1DDC7C5300A8DFA6 /* cross_bg.9.png in Resources */,
				6E1C40DA1DDC7C5300A8DFA6 /* ic_email.png in Resources */,
				6E1C40D31DDC7C5300A8DFA6 /* ic_about.png in Resources */,
				6E1C40F61DDC7C5300A8DFA6 /* tick_icon.png in Resources */,
				6E1C40DF1DDC7C5300A8DFA6 /* ic_gender.png in Resources */,
				6E1C40CD1DDC7C5300A8DFA6 /* cross_bg_full.png in Resources */,
				6E1C40C71DDC7C5300A8DFA6 /* blue_setings.png in Resources */,
				6E1C40E51DDC7C5300A8DFA6 /* ic_others.png in Resources */,
				6E1C40E61DDC7C5300A8DFA6 /* ic_password.png in Resources */,
				6E1C40D61DDC7C5300A8DFA6 /* ic_checkbox.png in Resources */,
				6E1C40EB1DDC7C5300A8DFA6 /* ic_user.png in Resources */,
				6E1C40F21DDC7C5300A8DFA6 /* package_top_bg.png in Resources */,
				6E1C40D01DDC7C5300A8DFA6 /* find_jobs.png in Resources */,
				6E1C40E11DDC7C5300A8DFA6 /* ic_left.png in Resources */,
				6E1C40F31DDC7C5300A8DFA6 /* phone_number.png in Resources */,
				6E1C40661DDC785E00A8DFA6 /* LaunchScreen.storyboard in Resources */,
				6E1C40C61DDC7C5300A8DFA6 /* app_bg_blue.png in Resources */,
				6E1C40631DDC785E00A8DFA6 /* Assets.xcassets in Resources */,
				6E1C40D21DDC7C5300A8DFA6 /* home_settings.png in Resources */,
				6E1C40D71DDC7C5300A8DFA6 /* ic_company.png in Resources */,
				6E1C416E1DDD8EA000A8DFA6 /* LICENSE.txt in Resources */,
				6E1C40D41DDC7C5300A8DFA6 /* ic_age.png in Resources */,
				6E1C40E91DDC7C5300A8DFA6 /* ic_upload.png in Resources */,
				6E1C40EC1DDC7C5300A8DFA6 /* image1.png in Resources */,
				6E1C40EA1DDC7C5300A8DFA6 /* ic_upload_image.png in Resources */,
				6E1C40611DDC785E00A8DFA6 /* Main.storyboard in Resources */,
				6E1C40F11DDC7C5300A8DFA6 /* package_bottom_right.png in Resources */,
				6E1C40C91DDC7C5300A8DFA6 /* check_icon.png in Resources */,
				6E1C40D11DDC7C5300A8DFA6 /* find_volunteers.png in Resources */,
				6E1C41431DDD8E2700A8DFA6 /* LICENSE in Resources */,
				6E1C40E21DDC7C5300A8DFA6 /* ic_location.png in Resources */,
				6E1C40EF1DDC7C5300A8DFA6 /* package_bottom_bg.png in Resources */,
				6E1C40CB1DDC7C5300A8DFA6 /* company_image.png in Resources */,
				6E1C40CF1DDC7C5300A8DFA6 /* find_freelancers.png in Resources */,
				6E1C40E71DDC7C5300A8DFA6 /* ic_phone_number.png in Resources */,
			);
			runOnlyForDeploymentPostprocessing = 0;
		};
		6E1C406A1DDC785F00A8DFA6 /* Resources */ = {
			isa = PBXResourcesBuildPhase;
			buildActionMask = 2147483647;
			files = (
			);
			runOnlyForDeploymentPostprocessing = 0;
		};
		6E1C40751DDC785F00A8DFA6 /* Resources */ = {
			isa = PBXResourcesBuildPhase;
			buildActionMask = 2147483647;
			files = (
			);
			runOnlyForDeploymentPostprocessing = 0;
		};
/* End PBXResourcesBuildPhase section */

/* Begin PBXSourcesBuildPhase section */
		6E1C404F1DDC785E00A8DFA6 /* Sources */ = {
			isa = PBXSourcesBuildPhase;
			buildActionMask = 2147483647;
			files = (
				6E1C414B1DDD8E2700A8DFA6 /* UIProgressView+AFNetworking.m in Sources */,
				6E1C414C1DDD8E2700A8DFA6 /* UIRefreshControl+AFNetworking.m in Sources */,
				6E1C414D1DDD8E2700A8DFA6 /* UIWebView+AFNetworking.m in Sources */,
				6E1C41151DDD8DEB00A8DFA6 /* ResizeLabel.m in Sources */,
				6E1C41481DDD8E2700A8DFA6 /* UIActivityIndicatorView+AFNetworking.m in Sources */,
				6E1C417D1DDDAA1F00A8DFA6 /* RegisterViewController.m in Sources */,
				6E1C405E1DDC785E00A8DFA6 /* ViewController.m in Sources */,
				6E1C416F1DDD8EA000A8DFA6 /* README.md in Sources */,
				6E1C41461DDD8E2700A8DFA6 /* AFImageDownloader.m in Sources */,
				6E1C410F1DDD8DEB00A8DFA6 /* AppTableViewCell.m in Sources */,
				6E1C41441DDD8E2700A8DFA6 /* README.md in Sources */,
				6E1C41101DDD8DEB00A8DFA6 /* MenuInfo.m in Sources */,
				6E1C415C1DDD8E4100A8DFA6 /* MCLocalizationDummyDataSource.m in Sources */,
				6E1C41131DDD8DEB00A8DFA6 /* Reachability.m in Sources */,
				6E1C41421DDD8E2700A8DFA6 /* AFURLSessionManager.m in Sources */,
				6E1C415E1DDD8E4100A8DFA6 /* MCLocalizationSingleJSONFileDataSource.m in Sources */,
				6E1C415D1DDD8E4100A8DFA6 /* MCLocalizationOneJSONFilePerLanguageDataSource.m in Sources */,
				6E1C41161DDD8DEB00A8DFA6 /* Utils.m in Sources */,
				6E1C413E1DDD8E2700A8DFA6 /* AFNetworkReachabilityManager.m in Sources */,
				6E1C41601DDD8E4100A8DFA6 /* README.md in Sources */,
				6E1C41741DDD8EA000A8DFA6 /* SVRadialGradientLayer.m in Sources */,
				6E1C40F91DDD842500A8DFA6 /* RecruitViewController.m in Sources */,
				6E1C408D1DDC79AC00A8DFA6 /* iCarousel.m in Sources */,
				6E1C41411DDD8E2700A8DFA6 /* AFURLResponseSerialization.m in Sources */,
				6E1C41401DDD8E2700A8DFA6 /* AFURLRequestSerialization.m in Sources */,
				6E1C413F1DDD8E2700A8DFA6 /* AFSecurityPolicy.m in Sources */,
				6E1C414A1DDD8E2700A8DFA6 /* UIImageView+AFNetworking.m in Sources */,
				6E1C41141DDD8DEB00A8DFA6 /* README.md in Sources */,
				6E1C405B1DDC785E00A8DFA6 /* AppDelegate.m in Sources */,
				6E1C41771DDD973100A8DFA6 /* PostYourCVViewController.m in Sources */,
				6E1C40901DDC79DA00A8DFA6 /* MainViewController.m in Sources */,
				6E1C41111DDD8DEB00A8DFA6 /* NSData+Base64.m in Sources */,
				6E1C41711DDD8EA000A8DFA6 /* SVProgressAnimatedView.m in Sources */,
				6E1C417A1DDDA97800A8DFA6 /* LoginViewController.m in Sources */,
				6E1C413D1DDD8E2700A8DFA6 /* AFHTTPSessionManager.m in Sources */,
				6E1C41471DDD8E2700A8DFA6 /* AFNetworkActivityIndicatorManager.m in Sources */,
				6E1C40FC1DDD8D6A00A8DFA6 /* BaseViewController.m in Sources */,
				6E1C40581DDC785E00A8DFA6 /* main.m in Sources */,
				6E1C415B1DDD8E4100A8DFA6 /* MCLocalization.m in Sources */,
				6E1C41731DDD8EA000A8DFA6 /* SVProgressHUD.m in Sources */,
				6E1C41491DDD8E2700A8DFA6 /* UIButton+AFNetworking.m in Sources */,
				6E1C41451DDD8E2700A8DFA6 /* AFAutoPurgingImageCache.m in Sources */,
				6E1C41701DDD8EA000A8DFA6 /* SVIndefiniteAnimatedView.m in Sources */,
			);
			runOnlyForDeploymentPostprocessing = 0;
		};
		6E1C40681DDC785F00A8DFA6 /* Sources */ = {
			isa = PBXSourcesBuildPhase;
			buildActionMask = 2147483647;
			files = (
				6E1C40711DDC785F00A8DFA6 /* Mass6loobTests.m in Sources */,
			);
			runOnlyForDeploymentPostprocessing = 0;
		};
		6E1C40731DDC785F00A8DFA6 /* Sources */ = {
			isa = PBXSourcesBuildPhase;
			buildActionMask = 2147483647;
			files = (
				6E1C407C1DDC785F00A8DFA6 /* Mass6loobUITests.m in Sources */,
			);
			runOnlyForDeploymentPostprocessing = 0;
		};
/* End PBXSourcesBuildPhase section */

/* Begin PBXTargetDependency section */
		6E1C406E1DDC785F00A8DFA6 /* PBXTargetDependency */ = {
			isa = PBXTargetDependency;
			target = 6E1C40521DDC785E00A8DFA6 /* Mass6loob */;
			targetProxy = 6E1C406D1DDC785F00A8DFA6 /* PBXContainerItemProxy */;
		};
		6E1C40791DDC785F00A8DFA6 /* PBXTargetDependency */ = {
			isa = PBXTargetDependency;
			target = 6E1C40521DDC785E00A8DFA6 /* Mass6loob */;
			targetProxy = 6E1C40781DDC785F00A8DFA6 /* PBXContainerItemProxy */;
		};
/* End PBXTargetDependency section */

/* Begin PBXVariantGroup section */
		6E1C405F1DDC785E00A8DFA6 /* Main.storyboard */ = {
			isa = PBXVariantGroup;
			children = (
				6E1C40601DDC785E00A8DFA6 /* Base */,
			);
			name = Main.storyboard;
			sourceTree = "<group>";
		};
		6E1C40641DDC785E00A8DFA6 /* LaunchScreen.storyboard */ = {
			isa = PBXVariantGroup;
			children = (
				6E1C40651DDC785E00A8DFA6 /* Base */,
			);
			name = LaunchScreen.storyboard;
			sourceTree = "<group>";
		};
/* End PBXVariantGroup section */

/* Begin XCBuildConfiguration section */
		6E1C407E1DDC785F00A8DFA6 /* Debug */ = {
			isa = XCBuildConfiguration;
			buildSettings = {
				ALWAYS_SEARCH_USER_PATHS = NO;
				CLANG_ANALYZER_NONNULL = YES;
				CLANG_CXX_LANGUAGE_STANDARD = "gnu++0x";
				CLANG_CXX_LIBRARY = "libc++";
				CLANG_ENABLE_MODULES = YES;
				CLANG_ENABLE_OBJC_ARC = YES;
				CLANG_WARN_BOOL_CONVERSION = YES;
				CLANG_WARN_CONSTANT_CONVERSION = YES;
				CLANG_WARN_DIRECT_OBJC_ISA_USAGE = YES_ERROR;
				CLANG_WARN_DOCUMENTATION_COMMENTS = YES;
				CLANG_WARN_EMPTY_BODY = YES;
				CLANG_WARN_ENUM_CONVERSION = YES;
				CLANG_WARN_INFINITE_RECURSION = YES;
				CLANG_WARN_INT_CONVERSION = YES;
				CLANG_WARN_OBJC_ROOT_CLASS = YES_ERROR;
				CLANG_WARN_SUSPICIOUS_MOVES = YES;
				CLANG_WARN_UNREACHABLE_CODE = YES;
				CLANG_WARN__DUPLICATE_METHOD_MATCH = YES;
				"CODE_SIGN_IDENTITY[sdk=iphoneos*]" = "iPhone Developer";
				COPY_PHASE_STRIP = NO;
				DEBUG_INFORMATION_FORMAT = dwarf;
				ENABLE_STRICT_OBJC_MSGSEND = YES;
				ENABLE_TESTABILITY = YES;
				GCC_C_LANGUAGE_STANDARD = gnu99;
				GCC_DYNAMIC_NO_PIC = NO;
				GCC_NO_COMMON_BLOCKS = YES;
				GCC_OPTIMIZATION_LEVEL = 0;
				GCC_PREPROCESSOR_DEFINITIONS = (
					"DEBUG=1",
					"$(inherited)",
				);
				GCC_WARN_64_TO_32_BIT_CONVERSION = YES;
				GCC_WARN_ABOUT_RETURN_TYPE = YES_ERROR;
				GCC_WARN_UNDECLARED_SELECTOR = YES;
				GCC_WARN_UNINITIALIZED_AUTOS = YES_AGGRESSIVE;
				GCC_WARN_UNUSED_FUNCTION = YES;
				GCC_WARN_UNUSED_VARIABLE = YES;
				IPHONEOS_DEPLOYMENT_TARGET = 10.1;
				MTL_ENABLE_DEBUG_INFO = YES;
				ONLY_ACTIVE_ARCH = YES;
				SDKROOT = iphoneos;
				TARGETED_DEVICE_FAMILY = "1,2";
			};
			name = Debug;
		};
		6E1C407F1DDC785F00A8DFA6 /* Release */ = {
			isa = XCBuildConfiguration;
			buildSettings = {
				ALWAYS_SEARCH_USER_PATHS = NO;
				CLANG_ANALYZER_NONNULL = YES;
				CLANG_CXX_LANGUAGE_STANDARD = "gnu++0x";
				CLANG_CXX_LIBRARY = "libc++";
				CLANG_ENABLE_MODULES = YES;
				CLANG_ENABLE_OBJC_ARC = YES;
				CLANG_WARN_BOOL_CONVERSION = YES;
				CLANG_WARN_CONSTANT_CONVERSION = YES;
				CLANG_WARN_DIRECT_OBJC_ISA_USAGE = YES_ERROR;
				CLANG_WARN_DOCUMENTATION_COMMENTS = YES;
				CLANG_WARN_EMPTY_BODY = YES;
				CLANG_WARN_ENUM_CONVERSION = YES;
				CLANG_WARN_INFINITE_RECURSION = YES;
				CLANG_WARN_INT_CONVERSION = YES;
				CLANG_WARN_OBJC_ROOT_CLASS = YES_ERROR;
				CLANG_WARN_SUSPICIOUS_MOVES = YES;
				CLANG_WARN_UNREACHABLE_CODE = YES;
				CLANG_WARN__DUPLICATE_METHOD_MATCH = YES;
				"CODE_SIGN_IDENTITY[sdk=iphoneos*]" = "iPhone Developer";
				COPY_PHASE_STRIP = NO;
				DEBUG_INFORMATION_FORMAT = "dwarf-with-dsym";
				ENABLE_NS_ASSERTIONS = NO;
				ENABLE_STRICT_OBJC_MSGSEND = YES;
				GCC_C_LANGUAGE_STANDARD = gnu99;
				GCC_NO_COMMON_BLOCKS = YES;
				GCC_WARN_64_TO_32_BIT_CONVERSION = YES;
				GCC_WARN_ABOUT_RETURN_TYPE = YES_ERROR;
				GCC_WARN_UNDECLARED_SELECTOR = YES;
				GCC_WARN_UNINITIALIZED_AUTOS = YES_AGGRESSIVE;
				GCC_WARN_UNUSED_FUNCTION = YES;
				GCC_WARN_UNUSED_VARIABLE = YES;
				IPHONEOS_DEPLOYMENT_TARGET = 10.1;
				MTL_ENABLE_DEBUG_INFO = NO;
				SDKROOT = iphoneos;
				TARGETED_DEVICE_FAMILY = "1,2";
				VALIDATE_PRODUCT = YES;
			};
			name = Release;
		};
		6E1C40811DDC785F00A8DFA6 /* Debug */ = {
			isa = XCBuildConfiguration;
			buildSettings = {
				ASSETCATALOG_COMPILER_APPICON_NAME = AppIcon;
				DEVELOPMENT_TEAM = VY9CM6NY6X;
				INFOPLIST_FILE = Mass6loob/Info.plist;
				IPHONEOS_DEPLOYMENT_TARGET = 10.0;
				LD_RUNPATH_SEARCH_PATHS = "$(inherited) @executable_path/Frameworks";
				PRODUCT_BUNDLE_IDENTIFIER = Yellowsoft.Mass6loob;
				PRODUCT_NAME = "$(TARGET_NAME)";
			};
			name = Debug;
		};
		6E1C40821DDC785F00A8DFA6 /* Release */ = {
			isa = XCBuildConfiguration;
			buildSettings = {
				ASSETCATALOG_COMPILER_APPICON_NAME = AppIcon;
				DEVELOPMENT_TEAM = VY9CM6NY6X;
				INFOPLIST_FILE = Mass6loob/Info.plist;
				IPHONEOS_DEPLOYMENT_TARGET = 10.0;
				LD_RUNPATH_SEARCH_PATHS = "$(inherited) @executable_path/Frameworks";
				PRODUCT_BUNDLE_IDENTIFIER = Yellowsoft.Mass6loob;
				PRODUCT_NAME = "$(TARGET_NAME)";
			};
			name = Release;
		};
		6E1C40841DDC785F00A8DFA6 /* Debug */ = {
			isa = XCBuildConfiguration;
			buildSettings = {
				BUNDLE_LOADER = "$(TEST_HOST)";
				INFOPLIST_FILE = Mass6loobTests/Info.plist;
				LD_RUNPATH_SEARCH_PATHS = "$(inherited) @executable_path/Frameworks @loader_path/Frameworks";
				PRODUCT_BUNDLE_IDENTIFIER = Yellowsoft.Mass6loobTests;
				PRODUCT_NAME = "$(TARGET_NAME)";
				TEST_HOST = "$(BUILT_PRODUCTS_DIR)/Mass6loob.app/Mass6loob";
			};
			name = Debug;
		};
		6E1C40851DDC785F00A8DFA6 /* Release */ = {
			isa = XCBuildConfiguration;
			buildSettings = {
				BUNDLE_LOADER = "$(TEST_HOST)";
				INFOPLIST_FILE = Mass6loobTests/Info.plist;
				LD_RUNPATH_SEARCH_PATHS = "$(inherited) @executable_path/Frameworks @loader_path/Frameworks";
				PRODUCT_BUNDLE_IDENTIFIER = Yellowsoft.Mass6loobTests;
				PRODUCT_NAME = "$(TARGET_NAME)";
				TEST_HOST = "$(BUILT_PRODUCTS_DIR)/Mass6loob.app/Mass6loob";
			};
			name = Release;
		};
		6E1C40871DDC785F00A8DFA6 /* Debug */ = {
			isa = XCBuildConfiguration;
			buildSettings = {
				INFOPLIST_FILE = Mass6loobUITests/Info.plist;
				LD_RUNPATH_SEARCH_PATHS = "$(inherited) @executable_path/Frameworks @loader_path/Frameworks";
				PRODUCT_BUNDLE_IDENTIFIER = Yellowsoft.Mass6loobUITests;
				PRODUCT_NAME = "$(TARGET_NAME)";
				TEST_TARGET_NAME = Mass6loob;
			};
			name = Debug;
		};
		6E1C40881DDC785F00A8DFA6 /* Release */ = {
			isa = XCBuildConfiguration;
			buildSettings = {
				INFOPLIST_FILE = Mass6loobUITests/Info.plist;
				LD_RUNPATH_SEARCH_PATHS = "$(inherited) @executable_path/Frameworks @loader_path/Frameworks";
				PRODUCT_BUNDLE_IDENTIFIER = Yellowsoft.Mass6loobUITests;
				PRODUCT_NAME = "$(TARGET_NAME)";
				TEST_TARGET_NAME = Mass6loob;
			};
			name = Release;
		};
/* End XCBuildConfiguration section */

/* Begin XCConfigurationList section */
		6E1C404E1DDC785E00A8DFA6 /* Build configuration list for PBXProject "Mass6loob" */ = {
			isa = XCConfigurationList;
			buildConfigurations = (
				6E1C407E1DDC785F00A8DFA6 /* Debug */,
				6E1C407F1DDC785F00A8DFA6 /* Release */,
			);
			defaultConfigurationIsVisible = 0;
			defaultConfigurationName = Release;
		};
		6E1C40801DDC785F00A8DFA6 /* Build configuration list for PBXNativeTarget "Mass6loob" */ = {
			isa = XCConfigurationList;
			buildConfigurations = (
				6E1C40811DDC785F00A8DFA6 /* Debug */,
				6E1C40821DDC785F00A8DFA6 /* Release */,
			);
			defaultConfigurationIsVisible = 0;
			defaultConfigurationName = Release;
		};
		6E1C40831DDC785F00A8DFA6 /* Build configuration list for PBXNativeTarget "Mass6loobTests" */ = {
			isa = XCConfigurationList;
			buildConfigurations = (
				6E1C40841DDC785F00A8DFA6 /* Debug */,
				6E1C40851DDC785F00A8DFA6 /* Release */,
			);
			defaultConfigurationIsVisible = 0;
			defaultConfigurationName = Release;
		};
		6E1C40861DDC785F00A8DFA6 /* Build configuration list for PBXNativeTarget "Mass6loobUITests" */ = {
			isa = XCConfigurationList;
			buildConfigurations = (
				6E1C40871DDC785F00A8DFA6 /* Debug */,
				6E1C40881DDC785F00A8DFA6 /* Release */,
			);
			defaultConfigurationIsVisible = 0;
			defaultConfigurationName = Release;
		};
/* End XCConfigurationList section */
	};
	rootObject = 6E1C404B1DDC785E00A8DFA6 /* Project object */;
}
